
Microsoft Visual Studio Solution File, Format Version 12.00
# Visual Studio Version 17
VisualStudioVersion = 17.5.2.0
MinimumVisualStudioVersion = 10.0.40219.1
Project("{FAE04EC0-301F-11D3-BF4B-00C04F79EFBC}") = "datos", "datos\datos.csproj", "{BB35B401-4EF4-989E-18E9-C126B008FEAB}"
EndProject
Project("{FAE04EC0-301F-11D3-BF4B-00C04F79EFBC}") = "tp4", "tp4\tp4.csproj", "{B2E5FCF3-D977-EA22-3450-3D8689777D8A}"
EndProject
Project("{2150E333-8FDC-42A3-9474-1A3956D46DE8}") = "Enunciados", "Enunciados", "{A15A72F4-6FCE-B8DE-A32E-30748957C0CF}"
EndProject
Project("{2150E333-8FDC-42A3-9474-1A3956D46DE8}") = "TP", "TP", "{7FA134A9-E91D-79AF-3A1E-9C4D91D410FE}"
EndProject
Project("{FAE04EC0-301F-11D3-BF4B-00C04F79EFBC}") = "tp4", "Enunciados\tp4\tp4.csproj", "{042BD67A-A545-DD7E-3CBC-E69AB18A455F}"
EndProject
Project("{2150E333-8FDC-42A3-9474-1A3956D46DE8}") = "61028 - Ponce, Rodrigo Exequiel", "61028 - Ponce, Rodrigo Exequiel", "{49DCE9A1-1834-EBB5-238B-E13353B3B644}"
EndProject
Project("{FAE04EC0-301F-11D3-BF4B-00C04F79EFBC}") = "tp4", "TP\61028 - Ponce, Rodrigo Exequiel\tp4\tp4.csproj", "{B0338B57-8DBE-F99E-0EA7-E1A8C87B1357}"
EndProject
Project("{2150E333-8FDC-42A3-9474-1A3956D46DE8}") = "61032 - Moya, Mariano", "61032 - Moya, Mariano", "{FFC2B09E-CCC1-8C35-9B24-8C848775327C}"
EndProject
Project("{FAE04EC0-301F-11D3-BF4B-00C04F79EFBC}") = "tp4", "TP\61032 - Moya, Mariano\tp4\tp4.csproj", "{5B78550A-52D1-C527-83D5-03E9657F867B}"
EndProject
Project("{2150E333-8FDC-42A3-9474-1A3956D46DE8}") = "61037 - Paz, Rodrigo Federico", "61037 - Paz, Rodrigo Federico", "{BD453492-6061-9AD2-B489-B89046B1ABAC}"
EndProject
Project("{FAE04EC0-301F-11D3-BF4B-00C04F79EFBC}") = "tp4", "TP\61037 - Paz, Rodrigo Federico\tp4\tp4.csproj", "{A16668E8-3F43-F672-105D-469E42E6DC32}"
EndProject
Project("{2150E333-8FDC-42A3-9474-1A3956D46DE8}") = "61041 - Iosa Molina, Nicolás", "61041 - Iosa Molina, Nicolás", "{3D024687-B02F-7352-46AA-0C5F5525E591}"
EndProject
Project("{FAE04EC0-301F-11D3-BF4B-00C04F79EFBC}") = "tp4", "TP\61041 - Iosa Molina, Nicolás\tp4\tp4.csproj", "{864AC1D2-4D48-3479-EAFD-94DD8A3C3AA7}"
EndProject
Project("{2150E333-8FDC-42A3-9474-1A3956D46DE8}") = "61042 - Gonzalez, Luis David", "61042 - Gonzalez, Luis David", "{CACBD041-E139-5B9C-A0D5-2086FFA8F95E}"
EndProject
Project("{FAE04EC0-301F-11D3-BF4B-00C04F79EFBC}") = "tp4", "TP\61042 - Gonzalez, Luis David\tp4\tp4.csproj", "{77CA8507-463E-5A45-C0BE-324161A67721}"
EndProject
Project("{2150E333-8FDC-42A3-9474-1A3956D46DE8}") = "61048 - Medina, Luciano", "61048 - Medina, Luciano", "{CA83E152-E2F1-1698-80FA-4DAAE7D89632}"
EndProject
Project("{FAE04EC0-301F-11D3-BF4B-00C04F79EFBC}") = "tp4", "TP\61048 - Medina, Luciano\tp4\tp4.csproj", "{3F44D6F7-21AB-8AAD-EF92-6EDF07F23B7C}"
EndProject
Project("{2150E333-8FDC-42A3-9474-1A3956D46DE8}") = "61050 - Diaz Sánchez, Nelson Santiago", "61050 - Diaz Sánchez, Nelson Santiago", "{75C34E34-2F52-EEF4-D4B2-C0641862DCD9}"
EndProject
Project("{FAE04EC0-301F-11D3-BF4B-00C04F79EFBC}") = "tp4", "TP\61050 - Diaz Sánchez, Nelson Santiago\tp4\tp4.csproj", "{B35E01B9-1ED9-A49A-D421-AC8BA95CC9B1}"
EndProject
Project("{2150E333-8FDC-42A3-9474-1A3956D46DE8}") = "61051 - Diaz, Agustin Emanuel", "61051 - Diaz, Agustin Emanuel", "{B9D370A8-A51F-F25C-102D-838DE21ECACA}"
EndProject
Project("{FAE04EC0-301F-11D3-BF4B-00C04F79EFBC}") = "tp4", "TP\61051 - Diaz, Agustin Emanuel\tp4\tp4.csproj", "{837E5DC7-F987-9B2F-E138-F3DA230B9FBF}"
EndProject
Project("{2150E333-8FDC-42A3-9474-1A3956D46DE8}") = "61052 - Reynoso, Braian Nicolás", "61052 - Reynoso, Braian Nicolás", "{8CD05DD1-F294-6818-57A5-0DDA3421492C}"
EndProject
Project("{FAE04EC0-301F-11D3-BF4B-00C04F79EFBC}") = "tp4", "TP\61052 - Reynoso, Braian Nicolás\tp4\tp4.csproj", "{D2423DB8-B6D1-B323-4EBD-ACC8322D0919}"
EndProject
Project("{2150E333-8FDC-42A3-9474-1A3956D46DE8}") = "61053 - Matas Molina, Agustín", "61053 - Matas Molina, Agustín", "{C9CC3640-EC73-8AF8-9A2D-0EB5A863B351}"
EndProject
Project("{FAE04EC0-301F-11D3-BF4B-00C04F79EFBC}") = "tp4", "TP\61053 - Matas Molina, Agustín\tp4\tp4.csproj", "{CA4A0781-EF98-C4EF-99D9-3D4E0FE3C4FA}"
EndProject
Project("{2150E333-8FDC-42A3-9474-1A3956D46DE8}") = "61059 - Palavecino, Fabricio Gaston", "61059 - Palavecino, Fabricio Gaston", "{65904B9B-7913-0DED-6F3A-3B552AACB4E8}"
EndProject
Project("{FAE04EC0-301F-11D3-BF4B-00C04F79EFBC}") = "tp4", "TP\61059 - Palavecino, Fabricio Gaston\tp4\tp4.csproj", "{5EBF0102-012B-A053-36A5-B719AC72A17B}"
EndProject
Project("{2150E333-8FDC-42A3-9474-1A3956D46DE8}") = "61060 - Fioretti, Elian Enrique", "61060 - Fioretti, Elian Enrique", "{6566F9B7-24FC-AB11-1D0B-D3AB5CAA8FBD}"
EndProject
Project("{FAE04EC0-301F-11D3-BF4B-00C04F79EFBC}") = "tp4", "TP\61060 - Fioretti, Elian Enrique\tp4\tp4.csproj", "{BD74CD7A-2640-57BB-B79B-8C578E5305BE}"
EndProject
Project("{2150E333-8FDC-42A3-9474-1A3956D46DE8}") = "61061 - Velardez, Leandro Ivan", "61061 - Velardez, Leandro Ivan", "{00E2E483-D09B-2DA5-B586-E45370FFECA7}"
EndProject
Project("{FAE04EC0-301F-11D3-BF4B-00C04F79EFBC}") = "tp4", "TP\61061 - Velardez, Leandro Ivan\tp4\tp4.csproj", "{B205E537-9CD6-496C-5845-C5D54C6A85D9}"
EndProject
Project("{2150E333-8FDC-42A3-9474-1A3956D46DE8}") = "61064 - Racedo, Francisco Nicolas", "61064 - Racedo, Francisco Nicolas", "{3F1D7C04-9E65-8C44-7F28-89AFD59E80DE}"
EndProject
Project("{FAE04EC0-301F-11D3-BF4B-00C04F79EFBC}") = "tp4", "TP\61064 - Racedo, Francisco Nicolas\tp4\tp4.csproj", "{6D39DC4C-6303-6872-385C-A6765443242C}"
EndProject
Project("{2150E333-8FDC-42A3-9474-1A3956D46DE8}") = "61072 - Casavalle Castillo, Bruno", "61072 - Casavalle Castillo, Bruno", "{C685A296-2B86-BEBF-FD54-8036A4515850}"
EndProject
Project("{FAE04EC0-301F-11D3-BF4B-00C04F79EFBC}") = "tp4", "TP\61072 - Casavalle Castillo, Bruno\tp4\tp4.csproj", "{01E84A14-6590-A469-DF8E-BFD72DBD3DC3}"
EndProject
Project("{2150E333-8FDC-42A3-9474-1A3956D46DE8}") = "61096 - Suarez Vece, Leandro Andres", "61096 - Suarez Vece, Leandro Andres", "{158315AA-9762-6463-B2F4-73F8365D5C11}"
EndProject
Project("{FAE04EC0-301F-11D3-BF4B-00C04F79EFBC}") = "tp4", "TP\61096 - Suarez Vece, Leandro Andres\tp4\tp4.csproj", "{CDB5C975-7FA1-63CD-6015-8154E041F612}"
EndProject
Project("{2150E333-8FDC-42A3-9474-1A3956D46DE8}") = "61113 - Oriz Caballero, Juan José", "61113 - Oriz Caballero, Juan José", "{D02476A1-621B-DABB-074B-F14E8194287C}"
EndProject
Project("{FAE04EC0-301F-11D3-BF4B-00C04F79EFBC}") = "tp4", "TP\61113 - Oriz Caballero, Juan José\tp4\tp4.csproj", "{F7747AF1-B2C8-DF1D-29C5-26BDFCE4CA53}"
EndProject
Project("{2150E333-8FDC-42A3-9474-1A3956D46DE8}") = "61118 - Barrios, Santiago Alexis", "61118 - Barrios, Santiago Alexis", "{0305BDD2-B991-BE51-8A2B-C913ECC0898E}"
EndProject
Project("{FAE04EC0-301F-11D3-BF4B-00C04F79EFBC}") = "tp4", "TP\61118 - Barrios, Santiago Alexis\tp4\tp4.csproj", "{785B3705-0BDF-27BA-97E1-8F788B761FFC}"
EndProject
Project("{2150E333-8FDC-42A3-9474-1A3956D46DE8}") = "61122 - Molina Hernando, Nahuel", "61122 - Molina Hernando, Nahuel", "{38069E0F-7870-DF37-C16B-E80A76DC5D98}"
EndProject
Project("{FAE04EC0-301F-11D3-BF4B-00C04F79EFBC}") = "tp4", "TP\61122 - Molina Hernando, Nahuel\tp4\tp4.csproj", "{883FCA74-0920-309F-DF3F-75BEC2FB184D}"
EndProject
Project("{2150E333-8FDC-42A3-9474-1A3956D46DE8}") = "61125 - Rocha, Luca", "61125 - Rocha, Luca", "{8CB67758-0046-4620-2567-00FE8E585D8A}"
EndProject
Project("{FAE04EC0-301F-11D3-BF4B-00C04F79EFBC}") = "tp4", "TP\61125 - Rocha, Luca\tp4\tp4.csproj", "{B5A03E37-F1BB-5CAC-E6C5-14822618E227}"
EndProject
Project("{2150E333-8FDC-42A3-9474-1A3956D46DE8}") = "61128 - Satle Barreñera, Johana", "61128 - Satle Barreñera, Johana", "{6570CF6A-8AC0-01DB-303F-C20E9AF1D7BF}"
EndProject
Project("{FAE04EC0-301F-11D3-BF4B-00C04F79EFBC}") = "tp4", "TP\61128 - Satle Barreñera, Johana\tp4\tp4.csproj", "{C3C02310-858C-2487-976E-4FABEF1EB64B}"
EndProject
Project("{2150E333-8FDC-42A3-9474-1A3956D46DE8}") = "61129 - Tello, Abril María Agostina", "61129 - Tello, Abril María Agostina", "{A8320C33-D92F-3E65-4BEA-E1DFFC8A5ACC}"
EndProject
Project("{FAE04EC0-301F-11D3-BF4B-00C04F79EFBC}") = "tp3", "TP\61129 - Tello, Abril María Agostina\tp3\tp3.csproj", "{020FD142-A52F-34D2-6576-A5911CBCA584}"
EndProject
Project("{FAE04EC0-301F-11D3-BF4B-00C04F79EFBC}") = "tp4", "TP\61129 - Tello, Abril María Agostina\tp4\tp4.csproj", "{45FC8A9D-6AEF-575F-D95E-7F4D0144FDD3}"
EndProject
Project("{2150E333-8FDC-42A3-9474-1A3956D46DE8}") = "61136 - Sosa, Oscar Ignacio", "61136 - Sosa, Oscar Ignacio", "{E6E98211-C1FB-2E99-489F-65B3B68992A3}"
EndProject
Project("{FAE04EC0-301F-11D3-BF4B-00C04F79EFBC}") = "tp4", "TP\61136 - Sosa, Oscar Ignacio\tp4\tp4.csproj", "{2223D6A2-E496-A6B9-3CD9-637D6A61394D}"
EndProject
Project("{2150E333-8FDC-42A3-9474-1A3956D46DE8}") = "61139 - Gallo, María Matilde", "61139 - Gallo, María Matilde", "{8E4D56FE-AD30-8284-9280-77004E989D2D}"
EndProject
Project("{FAE04EC0-301F-11D3-BF4B-00C04F79EFBC}") = "tp4", "TP\61139 - Gallo, María Matilde\tp4\tp4.csproj", "{C468F1C3-2365-A95C-49BA-534758C87AA4}"
EndProject
Project("{2150E333-8FDC-42A3-9474-1A3956D46DE8}") = "61140 - Perez, Fernando Alberto", "61140 - Perez, Fernando Alberto", "{F3EFA9E5-76E6-9BE5-AB26-54D82FC161A8}"
EndProject
Project("{FAE04EC0-301F-11D3-BF4B-00C04F79EFBC}") = "tp4", "TP\61140 - Perez, Fernando Alberto\tp4\tp4.csproj", "{F7C20710-5C3B-15E4-E513-60F1B63BE9D9}"
EndProject
Project("{2150E333-8FDC-42A3-9474-1A3956D46DE8}") = "61141 - Di Clemente, María Antonela", "61141 - Di Clemente, María Antonela", "{FD4E66C4-B4F3-ADF6-B8A5-689CA5640391}"
EndProject
Project("{FAE04EC0-301F-11D3-BF4B-00C04F79EFBC}") = "tp4", "TP\61141 - Di Clemente, María Antonela\tp4\tp4.csproj", "{94D2689E-C249-624B-EA2F-5672121748BB}"
EndProject
Project("{2150E333-8FDC-42A3-9474-1A3956D46DE8}") = "61189 - Buzza, Juliana", "61189 - Buzza, Juliana", "{FF03A180-C693-B12D-C636-9063AF040660}"
EndProject
Project("{FAE04EC0-301F-11D3-BF4B-00C04F79EFBC}") = "tp4", "TP\61189 - Buzza, Juliana\tp4\tp4.csproj", "{94763C32-955D-17E3-5648-831BC5743293}"
EndProject
Project("{2150E333-8FDC-42A3-9474-1A3956D46DE8}") = "61197 - Romano, Alfredo Nicolás", "61197 - Romano, Alfredo Nicolás", "{CDA33C13-649C-EDF4-41E3-7A3307692C2F}"
EndProject
Project("{FAE04EC0-301F-11D3-BF4B-00C04F79EFBC}") = "tp4", "TP\61197 - Romano, Alfredo Nicolás\tp4\tp4.csproj", "{FF12D27D-2C08-949E-A509-BA5E2173F3EF}"
EndProject
Project("{2150E333-8FDC-42A3-9474-1A3956D46DE8}") = "61200 - Gauna Serrano, Martín Javier", "61200 - Gauna Serrano, Martín Javier", "{7B6D7EE2-99F6-0BC0-DF9F-FE577856B743}"
EndProject
Project("{FAE04EC0-301F-11D3-BF4B-00C04F79EFBC}") = "tp4", "TP\61200 - Gauna Serrano, Martín Javier\tp4\tp4.csproj", "{85972235-D298-5336-385A-EDBB13D8B107}"
EndProject
Project("{2150E333-8FDC-42A3-9474-1A3956D46DE8}") = "61203 - Acevedo Costello, Juan Ignacio", "61203 - Acevedo Costello, Juan Ignacio", "{F967F541-FC8D-4425-1E3F-FC778B35FA2B}"
EndProject
Project("{FAE04EC0-301F-11D3-BF4B-00C04F79EFBC}") = "tp4", "TP\61203 - Acevedo Costello, Juan Ignacio\tp4\tp4.csproj", "{1AC8DB01-C009-C8EA-F2C6-53F4C67B11B8}"
EndProject
Project("{2150E333-8FDC-42A3-9474-1A3956D46DE8}") = "61214 - Collazos Cortez, Máximo Alberto", "61214 - Collazos Cortez, Máximo Alberto", "{A84871FE-E6AA-17EB-8CA6-92FF2E32F36F}"
EndProject
Project("{FAE04EC0-301F-11D3-BF4B-00C04F79EFBC}") = "tp4", "TP\61214 - Collazos Cortez, Máximo Alberto\tp4\tp4.csproj", "{3C93BC4C-A212-9773-F31E-EA40DC548458}"
EndProject
Project("{2150E333-8FDC-42A3-9474-1A3956D46DE8}") = "61218 - Liendo, Lautaro", "61218 - Liendo, Lautaro", "{333544D6-19E6-3B5E-9494-6123AAA519B7}"
EndProject
Project("{FAE04EC0-301F-11D3-BF4B-00C04F79EFBC}") = "tp4", "TP\61218 - Liendo, Lautaro\tp4\tp4.csproj", "{A87C1209-E0A4-CE9C-FF2C-787234A6BF19}"
EndProject
Project("{2150E333-8FDC-42A3-9474-1A3956D46DE8}") = "61221 - Duclós, Marcelo Ezequiel", "61221 - Duclós, Marcelo Ezequiel", "{ECAB0890-4913-3AE5-6634-0EFCDB1C0B57}"
EndProject
Project("{FAE04EC0-301F-11D3-BF4B-00C04F79EFBC}") = "tp4", "TP\61221 - Duclós, Marcelo Ezequiel\tp4\tp4.csproj", "{7256CF48-73DA-EE71-9206-206C49A8BAB2}"
EndProject
Project("{2150E333-8FDC-42A3-9474-1A3956D46DE8}") = "61226 - Luna, Andres Maximiliano", "61226 - Luna, Andres Maximiliano", "{B87B529E-17D1-5B88-4157-7B9F2EFF942F}"
EndProject
Project("{FAE04EC0-301F-11D3-BF4B-00C04F79EFBC}") = "tp4", "TP\61226 - Luna, Andres Maximiliano\tp4\tp4.csproj", "{14681106-7B7A-30CF-794A-F91353AC48EC}"
EndProject
Project("{2150E333-8FDC-42A3-9474-1A3956D46DE8}") = "61227 - Valdiglesias Martel, Federico", "61227 - Valdiglesias Martel, Federico", "{4169D219-1210-0BC5-F979-7E0378915EFB}"
EndProject
Project("{FAE04EC0-301F-11D3-BF4B-00C04F79EFBC}") = "tp4", "TP\61227 - Valdiglesias Martel, Federico\tp4\tp4.csproj", "{05865B7C-8495-B461-10E6-ED8A09486A4D}"
EndProject
Project("{2150E333-8FDC-42A3-9474-1A3956D46DE8}") = "61247 - Medici Assaf, Abril", "61247 - Medici Assaf, Abril", "{D1CE22C0-8DE8-CEF6-1F59-2E67A449E196}"
EndProject
Project("{FAE04EC0-301F-11D3-BF4B-00C04F79EFBC}") = "tp4", "TP\61247 - Medici Assaf, Abril\tp4\tp4.csproj", "{98EC03AB-E9E9-DFD8-9541-9D70F4F129C6}"
EndProject
Project("{2150E333-8FDC-42A3-9474-1A3956D46DE8}") = "61248 - Palma Collado, Nahuel", "61248 - Palma Collado, Nahuel", "{E6FD7A7F-A63D-CD9C-FBC4-09495130EFAB}"
EndProject
Project("{FAE04EC0-301F-11D3-BF4B-00C04F79EFBC}") = "tp4", "TP\61248 - Palma Collado, Nahuel\tp4\tp4.csproj", "{75805F94-C9ED-437C-981A-91196FCBCB78}"
EndProject
Project("{2150E333-8FDC-42A3-9474-1A3956D46DE8}") = "61252 - Aguirre Rojas, Lourdes Valentina", "61252 - Aguirre Rojas, Lourdes Valentina", "{6E53CDCC-5A70-065E-CCB9-935410FF2100}"
EndProject
Project("{FAE04EC0-301F-11D3-BF4B-00C04F79EFBC}") = "tp4", "TP\61252 - Aguirre Rojas, Lourdes Valentina\tp4\tp4.csproj", "{AD76E335-D7BD-D858-BB8D-D3860C5A7B31}"
EndProject
Project("{2150E333-8FDC-42A3-9474-1A3956D46DE8}") = "61271 - Donelli, Gerardo Exequiel", "61271 - Donelli, Gerardo Exequiel", "{723431F5-7460-506E-0578-C99C85A92ABB}"
EndProject
Project("{FAE04EC0-301F-11D3-BF4B-00C04F79EFBC}") = "tp4", "TP\61271 - Donelli, Gerardo Exequiel\tp4\tp4.csproj", "{8D44A89B-C02A-17DB-EB18-52593BE72C3E}"
EndProject
Project("{2150E333-8FDC-42A3-9474-1A3956D46DE8}") = "61290 - Azubel, Tomas", "61290 - Azubel, Tomas", "{F7A3BEAB-929F-26AA-94A6-81EC5986BEF2}"
EndProject
Project("{FAE04EC0-301F-11D3-BF4B-00C04F79EFBC}") = "tp4", "TP\61290 - Azubel, Tomas\tp4\tp4.csproj", "{72C1E3C6-9BA8-7807-B94D-9F38B8E2AB30}"
EndProject
Project("{2150E333-8FDC-42A3-9474-1A3956D46DE8}") = "61312 - Paz Berrondo, Lucas David", "61312 - Paz Berrondo, Lucas David", "{53EE0BA0-4705-DE98-4615-7F0A479BA653}"
EndProject
Project("{FAE04EC0-301F-11D3-BF4B-00C04F79EFBC}") = "tp4", "TP\61312 - Paz Berrondo, Lucas David\tp4\tp4.csproj", "{369F1C4B-D80A-2CB1-718D-2D6360EBAFDD}"
EndProject
Project("{2150E333-8FDC-42A3-9474-1A3956D46DE8}") = "61314 - Morales, Ignacion Agustin", "61314 - Morales, Ignacion Agustin", "{D7647A7D-4A03-95DE-153F-C911DF2A87FD}"
EndProject
Project("{FAE04EC0-301F-11D3-BF4B-00C04F79EFBC}") = "tp4", "TP\61314 - Morales, Ignacion Agustin\tp4\tp4.csproj", "{C1F71681-00F3-480D-52A6-191480AECE95}"
EndProject
Project("{2150E333-8FDC-42A3-9474-1A3956D46DE8}") = "61318 - Herrera, Dalma Luján", "61318 - Herrera, Dalma Luján", "{8F82B591-515A-22DE-BD6B-988E173BB068}"
EndProject
Project("{FAE04EC0-301F-11D3-BF4B-00C04F79EFBC}") = "tp4", "TP\61318 - Herrera, Dalma Luján\tp4\tp4.csproj", "{06E7FF36-9BE8-B261-F580-F73E08E5A770}"
EndProject
Project("{2150E333-8FDC-42A3-9474-1A3956D46DE8}") = "61319 - Carabajal, José Gabriel", "61319 - Carabajal, José Gabriel", "{54B87D6B-D593-AA14-EF0C-BDA7BD0695D6}"
EndProject
Project("{FAE04EC0-301F-11D3-BF4B-00C04F79EFBC}") = "tp4", "TP\61319 - Carabajal, José Gabriel\tp4\tp4.csproj", "{E4A41FFA-527C-286F-9864-84B4DC184C4A}"
EndProject
Project("{2150E333-8FDC-42A3-9474-1A3956D46DE8}") = "61322 - Juarez, Thiago", "61322 - Juarez, Thiago", "{A60EA1AE-361C-DD7D-8826-ED298672DAB1}"
EndProject
Project("{FAE04EC0-301F-11D3-BF4B-00C04F79EFBC}") = "tp4", "TP\61322 - Juarez, Thiago\tp4\tp4.csproj", "{4E5B3217-FC59-7C1D-6E2B-E66A84AC3E00}"
EndProject
Project("{2150E333-8FDC-42A3-9474-1A3956D46DE8}") = "61328 - Moussa Cancino, Mario Matias", "61328 - Moussa Cancino, Mario Matias", "{51C8127E-8C5E-7EC0-978D-73C1426826A9}"
EndProject
Project("{FAE04EC0-301F-11D3-BF4B-00C04F79EFBC}") = "tp4", "TP\61328 - Moussa Cancino, Mario Matias\tp4\tp4.csproj", "{81C5DD98-3AEE-E723-4031-AD027C37CD0E}"
EndProject
Project("{2150E333-8FDC-42A3-9474-1A3956D46DE8}") = "61340 - Tognalli, Mateo Fabrizio", "61340 - Tognalli, Mateo Fabrizio", "{A9A126C9-EEED-E225-6A03-C2F13EDEF4FB}"
EndProject
Project("{FAE04EC0-301F-11D3-BF4B-00C04F79EFBC}") = "tp4", "TP\61340 - Tognalli, Mateo Fabrizio\tp4\tp4.csproj", "{7806217A-52C2-0940-F88D-944225EC0125}"
EndProject
Project("{2150E333-8FDC-42A3-9474-1A3956D46DE8}") = "61345 - Caro, Tobias", "61345 - Caro, Tobias", "{D5172182-DE4C-DF57-5E42-4FF86B0A8271}"
EndProject
Project("{FAE04EC0-301F-11D3-BF4B-00C04F79EFBC}") = "tp4", "TP\61345 - Caro, Tobias\tp4\tp4.csproj", "{651DB076-6101-A134-DA9E-B674FB739136}"
EndProject
Project("{2150E333-8FDC-42A3-9474-1A3956D46DE8}") = "61352 - García Moya, José Ignacio", "61352 - García Moya, José Ignacio", "{BE204E74-7BB3-1608-2A83-AB4C421CBE8D}"
EndProject
Project("{FAE04EC0-301F-11D3-BF4B-00C04F79EFBC}") = "tp4", "TP\61352 - García Moya, José Ignacio\tp4\tp4.csproj", "{D346ADD0-7A04-B9A5-5A95-2D7B4F49CB49}"
EndProject
Project("{2150E333-8FDC-42A3-9474-1A3956D46DE8}") = "61422 - Pedraza, Estaban Daniel", "61422 - Pedraza, Estaban Daniel", "{B2B6C010-55B5-37CC-6069-EE8B754C59F9}"
EndProject
Project("{FAE04EC0-301F-11D3-BF4B-00C04F79EFBC}") = "tp4", "TP\61422 - Pedraza, Estaban Daniel\tp4\tp4.csproj", "{C5DC372B-AA89-1FCC-53E9-289DF2435D3B}"
EndProject
Project("{2150E333-8FDC-42A3-9474-1A3956D46DE8}") = "61437 - Holmquist, Ignacio Tobias", "61437 - Holmquist, Ignacio Tobias", "{8EECBBAC-7514-5053-F53C-F5E2FF206714}"
EndProject
Project("{FAE04EC0-301F-11D3-BF4B-00C04F79EFBC}") = "tp4", "TP\61437 - Holmquist, Ignacio Tobias\tp4\tp4.csproj", "{9EFDC62C-D7A8-DF86-53F4-EC042C99237B}"
EndProject
Project("{2150E333-8FDC-42A3-9474-1A3956D46DE8}") = "61445 - Martínez Campero, Santiago", "61445 - Martínez Campero, Santiago", "{60B4818B-98E5-274A-6657-3B147794B73A}"
EndProject
Project("{FAE04EC0-301F-11D3-BF4B-00C04F79EFBC}") = "tp4", "TP\61445 - Martínez Campero, Santiago\tp4\tp4.csproj", "{B750AF57-695C-D540-DA59-F211FAD4D2F7}"
EndProject
Project("{2150E333-8FDC-42A3-9474-1A3956D46DE8}") = "61450 - Jiménez Paz, Patricio Agustín", "61450 - Jiménez Paz, Patricio Agustín", "{D128B096-42EB-8D07-DE42-D78816A39BD6}"
EndProject
Project("{FAE04EC0-301F-11D3-BF4B-00C04F79EFBC}") = "tp4", "TP\61450 - Jiménez Paz, Patricio Agustín\tp4\tp4.csproj", "{2B2137A8-3342-AEB2-B6C2-2B636408C9CE}"
EndProject
Project("{2150E333-8FDC-42A3-9474-1A3956D46DE8}") = "61473 - Lagoria García, Tomás Gustavo", "61473 - Lagoria García, Tomás Gustavo", "{4E4E9CCB-7BBC-0752-A7F6-169BE7BF9F3A}"
EndProject
Project("{FAE04EC0-301F-11D3-BF4B-00C04F79EFBC}") = "tp4", "TP\61473 - Lagoria García, Tomás Gustavo\tp4\tp4.csproj", "{4DCC3E6B-39A5-8ABD-500A-06C46398E56A}"
EndProject
Project("{2150E333-8FDC-42A3-9474-1A3956D46DE8}") = "61478 - Soto, Antonella", "61478 - Soto, Antonella", "{57232060-0F66-9C62-B610-0B96D12A7E2D}"
EndProject
Project("{FAE04EC0-301F-11D3-BF4B-00C04F79EFBC}") = "tp4", "TP\61478 - Soto, Antonella\tp4\tp4.csproj", "{66ECE04C-318E-4F64-12E9-A3418610E552}"
EndProject
Project("{2150E333-8FDC-42A3-9474-1A3956D46DE8}") = "61491 - Acuña, Alejo Gabriel", "61491 - Acuña, Alejo Gabriel", "{761D939A-083F-1D2C-3F87-54D439FBF744}"
EndProject
Project("{FAE04EC0-301F-11D3-BF4B-00C04F79EFBC}") = "tp4", "TP\61491 - Acuña, Alejo Gabriel\tp4\tp4.csproj", "{B5E6EC68-D210-03DD-0CD4-6C504BE1F238}"
EndProject
Project("{2150E333-8FDC-42A3-9474-1A3956D46DE8}") = "61496 - Parache, Ariana Agustina", "61496 - Parache, Ariana Agustina", "{C24C1EBA-431E-1085-FAE2-21168AEC5F6B}"
EndProject
Project("{FAE04EC0-301F-11D3-BF4B-00C04F79EFBC}") = "tp4", "TP\61496 - Parache, Ariana Agustina\tp4\tp4.csproj", "{30B916F2-B816-444D-72A1-5107D9778C0C}"
EndProject
Project("{2150E333-8FDC-42A3-9474-1A3956D46DE8}") = "61535 - Mainardi, Facundo", "61535 - Mainardi, Facundo", "{9A5097D9-43FD-905E-E701-5CD0E5B5BBA3}"
EndProject
Project("{FAE04EC0-301F-11D3-BF4B-00C04F79EFBC}") = "tp4", "TP\61535 - Mainardi, Facundo\tp4\tp4.csproj", "{C12E9F4E-6624-B8A5-B9DC-1386FE3CDD26}"
EndProject
Project("{2150E333-8FDC-42A3-9474-1A3956D46DE8}") = "61540 - Garcia Mc Guiness, Gonzalo", "61540 - Garcia Mc Guiness, Gonzalo", "{B1BA6507-5FC2-FFB4-8B0D-DA7782ABA730}"
EndProject
Project("{FAE04EC0-301F-11D3-BF4B-00C04F79EFBC}") = "tp4", "TP\61540 - Garcia Mc Guiness, Gonzalo\tp4\tp4.csproj", "{194A4ECB-BFC2-4B93-45F0-A6A4690EB533}"
EndProject
Project("{2150E333-8FDC-42A3-9474-1A3956D46DE8}") = "61562 - Helguera, Agustina Elizabeth", "61562 - Helguera, Agustina Elizabeth", "{CBD04F4C-06D6-24D1-1632-1EA3DFFE8C36}"
EndProject
Project("{FAE04EC0-301F-11D3-BF4B-00C04F79EFBC}") = "tp4", "TP\61562 - Helguera, Agustina Elizabeth\tp4\tp4.csproj", "{48535529-06F4-32DC-804A-BF0E59F9053D}"
EndProject
Project("{2150E333-8FDC-42A3-9474-1A3956D46DE8}") = "61566 - Medina Costilla, Abigail", "61566 - Medina Costilla, Abigail", "{3979E6B6-1C3B-26E7-2E70-D77D70ECE5D5}"
EndProject
Project("{FAE04EC0-301F-11D3-BF4B-00C04F79EFBC}") = "tp4", "TP\61566 - Medina Costilla, Abigail\tp4\tp4.csproj", "{C0DA3C58-320F-931E-A7A6-D4712279051B}"
EndProject
Project("{2150E333-8FDC-42A3-9474-1A3956D46DE8}") = "61572 - Parrado Navarrete, Alex Daniel", "61572 - Parrado Navarrete, Alex Daniel", "{A1CBB5F7-7FFC-DFC8-98C4-E13473083FCB}"
EndProject
Project("{FAE04EC0-301F-11D3-BF4B-00C04F79EFBC}") = "tp4", "TP\61572 - Parrado Navarrete, Alex Daniel\tp4\tp4.csproj", "{814C1D08-4C70-B70E-EF4E-C5CFF6181845}"
EndProject
Project("{2150E333-8FDC-42A3-9474-1A3956D46DE8}") = "61579 - Marti, Gonzalo", "61579 - Marti, Gonzalo", "{F40C7AD6-F855-487F-B2AE-45173D36D0E1}"
EndProject
Project("{FAE04EC0-301F-11D3-BF4B-00C04F79EFBC}") = "tp4", "TP\61579 - Marti, Gonzalo\tp4\tp4.csproj", "{1C68AD57-5159-0F93-E274-50A38B650D76}"
EndProject
Project("{2150E333-8FDC-42A3-9474-1A3956D46DE8}") = "61581 - Paz, Naim Federico", "61581 - Paz, Naim Federico", "{9F76B185-ADA6-5F34-8112-F9292F358FDC}"
EndProject
Project("{FAE04EC0-301F-11D3-BF4B-00C04F79EFBC}") = "tp4", "TP\61581 - Paz, Naim Federico\tp4\tp4.csproj", "{2BF05CBF-DC5A-B589-8F02-088361739BD3}"
EndProject
Project("{2150E333-8FDC-42A3-9474-1A3956D46DE8}") = "61588 - Mussa, Agustín", "61588 - Mussa, Agustín", "{3AF9F5F2-1882-5C25-8A39-CAD4819F16B1}"
EndProject
Project("{FAE04EC0-301F-11D3-BF4B-00C04F79EFBC}") = "tp4", "TP\61588 - Mussa, Agustín\tp4\tp4.csproj", "{22C5D9F7-3153-DA77-06F1-9B4C05A07483}"
EndProject
Project("{2150E333-8FDC-42A3-9474-1A3956D46DE8}") = "61595 - González Patti, Valentín", "61595 - González Patti, Valentín", "{DC86C6BB-0473-A9AB-1241-C6512D6AF3E8}"
EndProject
Project("{FAE04EC0-301F-11D3-BF4B-00C04F79EFBC}") = "tp4", "TP\61595 - González Patti, Valentín\tp4\tp4.csproj", "{710701A5-05D0-FDC5-53F1-2A61C6BA95E7}"
EndProject
Project("{2150E333-8FDC-42A3-9474-1A3956D46DE8}") = "61596 - Zamora, Gonzalo Alejandro", "61596 - Zamora, Gonzalo Alejandro", "{F468C26B-3B89-DD40-28B8-1B6FBD4779AE}"
EndProject
Project("{FAE04EC0-301F-11D3-BF4B-00C04F79EFBC}") = "tp4", "TP\61596 - Zamora, Gonzalo Alejandro\tp4\tp4.csproj", "{9EEE0435-28A3-09FE-07D5-CB1FE76B5096}"
EndProject
Project("{2150E333-8FDC-42A3-9474-1A3956D46DE8}") = "61611 - Coronel, Julieta Antonella", "61611 - Coronel, Julieta Antonella", "{986401E0-CF12-DE50-AEAD-76C6BFD5BD44}"
EndProject
Project("{FAE04EC0-301F-11D3-BF4B-00C04F79EFBC}") = "tp4", "TP\61611 - Coronel, Julieta Antonella\tp4\tp4.csproj", "{20693B56-12E1-6AA7-9E0C-219CF93884CA}"
EndProject
Project("{2150E333-8FDC-42A3-9474-1A3956D46DE8}") = "61624 - Godoy, Alan", "61624 - Godoy, Alan", "{DF14E2DD-F726-7178-2661-E36E488DA392}"
EndProject
Project("{FAE04EC0-301F-11D3-BF4B-00C04F79EFBC}") = "tp4", "TP\61624 - Godoy, Alan\tp4\tp4.csproj", "{D05FE9C6-58A6-C08B-0125-46780579ABB8}"
EndProject
Project("{2150E333-8FDC-42A3-9474-1A3956D46DE8}") = "61626 - Diaz Londero, Sergio Gonzalo", "61626 - Diaz Londero, Sergio Gonzalo", "{F54B4B4B-A045-B1D9-F98E-94FCC0A07E1A}"
EndProject
Project("{FAE04EC0-301F-11D3-BF4B-00C04F79EFBC}") = "tp4", "TP\61626 - Diaz Londero, Sergio Gonzalo\tp4\tp4.csproj", "{03AC1A03-E186-7F86-B9C6-2CFC1FE98008}"
EndProject
Project("{2150E333-8FDC-42A3-9474-1A3956D46DE8}") = "61627 - Juárez Fernández, Lourdes Abril", "61627 - Juárez Fernández, Lourdes Abril", "{D805BDA2-454D-38E5-998D-92ADA118AA43}"
EndProject
Project("{FAE04EC0-301F-11D3-BF4B-00C04F79EFBC}") = "tp4", "TP\61627 - Juárez Fernández, Lourdes Abril\tp4\tp4.csproj", "{DC886BA2-0EA4-E2FB-AF1E-0EFE7CE3CF7B}"
EndProject
Project("{2150E333-8FDC-42A3-9474-1A3956D46DE8}") = "61641 - Figueroa, Nahuel Ramon", "61641 - Figueroa, Nahuel Ramon", "{3B4FDF3E-5945-038D-1194-689B9A2D7559}"
EndProject
Project("{FAE04EC0-301F-11D3-BF4B-00C04F79EFBC}") = "tp4", "TP\61641 - Figueroa, Nahuel Ramon\tp4\tp4.csproj", "{CE29AA94-DE76-F5FC-29F9-FE7D2AD9F767}"
EndProject
Project("{2150E333-8FDC-42A3-9474-1A3956D46DE8}") = "61644 - Ortega, Fernando Nicolas", "61644 - Ortega, Fernando Nicolas", "{CF405556-DF4F-B2C0-F0EB-F9661A6D81F6}"
EndProject
Project("{FAE04EC0-301F-11D3-BF4B-00C04F79EFBC}") = "tp4", "TP\61644 - Ortega, Fernando Nicolas\tp4\tp4.csproj", "{F6F77307-EDCC-2805-4861-D8DBE9B49300}"
EndProject
Project("{2150E333-8FDC-42A3-9474-1A3956D46DE8}") = "61652 - Heredia, Juan Pablo", "61652 - Heredia, Juan Pablo", "{7068CB4E-8815-85B4-F97F-60CABD1644FC}"
EndProject
Project("{FAE04EC0-301F-11D3-BF4B-00C04F79EFBC}") = "tp4", "TP\61652 - Heredia, Juan Pablo\tp4\tp4.csproj", "{CE3480A1-F0D8-E60C-A026-BC00CF4707FF}"
EndProject
Project("{2150E333-8FDC-42A3-9474-1A3956D46DE8}") = "61667 - Acosta, Maira", "61667 - Acosta, Maira", "{4EA649E3-C590-DE7C-1456-E2465C2C3F3D}"
EndProject
Project("{FAE04EC0-301F-11D3-BF4B-00C04F79EFBC}") = "tp4", "TP\61667 - Acosta, Maira\tp4\tp4.csproj", "{61E5CBDE-7423-383B-EE62-26AB396B04F8}"
EndProject
Project("{2150E333-8FDC-42A3-9474-1A3956D46DE8}") = "61668 - Molina, Santiago Nicolas", "61668 - Molina, Santiago Nicolas", "{8972348E-4EF2-C7F4-39D4-994FE02775AE}"
EndProject
Project("{FAE04EC0-301F-11D3-BF4B-00C04F79EFBC}") = "tp4", "TP\61668 - Molina, Santiago Nicolas\tp4\tp4.csproj", "{2E33F3C2-5DDA-B4B0-3B69-48067682C845}"
EndProject
Project("{2150E333-8FDC-42A3-9474-1A3956D46DE8}") = "61671 - Quinteros, Gabriel", "61671 - Quinteros, Gabriel", "{5BFC9A9C-16E8-DBA6-824A-3066D5297A82}"
EndProject
Project("{FAE04EC0-301F-11D3-BF4B-00C04F79EFBC}") = "tp4", "TP\61671 - Quinteros, Gabriel\tp4\tp4.csproj", "{5F83A382-F357-2A2C-B5A4-FA3DE337FEB0}"
EndProject
Project("{2150E333-8FDC-42A3-9474-1A3956D46DE8}") = "61673 - Delgado, Augusto Emanuel", "61673 - Delgado, Augusto Emanuel", "{DBBF48DF-5C35-42B8-3B01-BCA6F7B3469D}"
EndProject
Project("{FAE04EC0-301F-11D3-BF4B-00C04F79EFBC}") = "tp4", "TP\61673 - Delgado, Augusto Emanuel\tp4\tp4.csproj", "{F1931E50-E8DB-6F73-42CE-1CF8087C1C06}"
EndProject
Project("{2150E333-8FDC-42A3-9474-1A3956D46DE8}") = "61676 - Massey, Maximiliano", "61676 - Massey, Maximiliano", "{790DD39E-4DE2-ACE5-5822-018AFBB4BECB}"
EndProject
Project("{FAE04EC0-301F-11D3-BF4B-00C04F79EFBC}") = "tp4", "TP\61676 - Massey, Maximiliano\tp4\tp4.csproj", "{45794103-1BC9-879A-F0D1-8DCEAAC82060}"
EndProject
Project("{2150E333-8FDC-42A3-9474-1A3956D46DE8}") = "61679 - Lobo Barrera, Mia de los Angeles", "61679 - Lobo Barrera, Mia de los Angeles", "{9E2F7991-20E6-FB03-E211-8F9F9A8593FB}"
EndProject
Project("{FAE04EC0-301F-11D3-BF4B-00C04F79EFBC}") = "tp4", "TP\61679 - Lobo Barrera, Mia de los Angeles\tp4\tp4.csproj", "{8ED7D277-30DD-1AB9-FFF8-4F365372F63A}"
EndProject
Project("{2150E333-8FDC-42A3-9474-1A3956D46DE8}") = "61680 - Dziewulski, Karen", "61680 - Dziewulski, Karen", "{876AD532-4F34-6BC9-2874-9DE216CA5AC8}"
EndProject
Project("{FAE04EC0-301F-11D3-BF4B-00C04F79EFBC}") = "tp4", "TP\61680 - Dziewulski, Karen\tp4\tp4.csproj", "{1AB953A7-9A35-FE5F-5ED9-E7B2D5B591AA}"
EndProject
Project("{2150E333-8FDC-42A3-9474-1A3956D46DE8}") = "61688 - García Romano, Lucas", "61688 - García Romano, Lucas", "{1B645A2A-D28B-A815-2D11-EE18EBD12DC0}"
EndProject
Project("{FAE04EC0-301F-11D3-BF4B-00C04F79EFBC}") = "tp4", "TP\61688 - García Romano, Lucas\tp4\tp4.csproj", "{486954A4-70F4-EECF-742C-6B8DA135251D}"
EndProject
Project("{2150E333-8FDC-42A3-9474-1A3956D46DE8}") = "61720 - Fernández, Luciano", "61720 - Fernández, Luciano", "{C462E8FE-9522-C3C1-01A4-16C0F539DB31}"
EndProject
Project("{FAE04EC0-301F-11D3-BF4B-00C04F79EFBC}") = "tp4", "TP\61720 - Fernández, Luciano\tp4\tp4.csproj", "{54E12D10-8660-BA0A-2625-E248715BB1FB}"
EndProject
Project("{2150E333-8FDC-42A3-9474-1A3956D46DE8}") = "61730 - Diaz, Antonio", "61730 - Diaz, Antonio", "{B4894979-B6E2-1F96-D7C5-AE532D1E7BE4}"
EndProject
Project("{FAE04EC0-301F-11D3-BF4B-00C04F79EFBC}") = "tp4", "TP\61730 - Diaz, Antonio\tp4\tp4.csproj", "{D3A1C5FC-6B6C-3448-06DD-6BE289E81C0D}"
EndProject
Project("{2150E333-8FDC-42A3-9474-1A3956D46DE8}") = "61732 - Paz, Mikael", "61732 - Paz, Mikael", "{A5A80FC6-810B-D6DC-6CE4-5143AC2444D4}"
EndProject
Project("{FAE04EC0-301F-11D3-BF4B-00C04F79EFBC}") = "tp4", "TP\61732 - Paz, Mikael\tp4\tp4.csproj", "{004E4360-8857-E77E-9055-0B74F6B4CB2A}"
EndProject
Project("{2150E333-8FDC-42A3-9474-1A3956D46DE8}") = "61793 - Trujillo, Facundo Nahuel", "61793 - Trujillo, Facundo Nahuel", "{7A7154B2-02EF-1C5C-2606-5A0C1B3021ED}"
EndProject
Project("{FAE04EC0-301F-11D3-BF4B-00C04F79EFBC}") = "tp4", "TP\61793 - Trujillo, Facundo Nahuel\tp4\tp4.csproj", "{C256D53A-F09A-F88C-67E2-226F1D36F4E6}"
EndProject
Project("{2150E333-8FDC-42A3-9474-1A3956D46DE8}") = "61794 - Lobo Campero, Hernán Ignacio", "61794 - Lobo Campero, Hernán Ignacio", "{60218C50-B000-A456-6888-5804C5F95025}"
EndProject
Project("{FAE04EC0-301F-11D3-BF4B-00C04F79EFBC}") = "tp4", "TP\61794 - Lobo Campero, Hernán Ignacio\tp4\tp4.csproj", "{D354C6CF-A301-D500-9570-7CCABD1C26DF}"
EndProject
Project("{2150E333-8FDC-42A3-9474-1A3956D46DE8}") = "61818 - Lopez Tisera, Gaston", "61818 - Lopez Tisera, Gaston", "{7918BF91-28AC-8EE3-F296-88EBEA989BBC}"
EndProject
Project("{FAE04EC0-301F-11D3-BF4B-00C04F79EFBC}") = "tp4", "TP\61818 - Lopez Tisera, Gaston\tp4\tp4.csproj", "{7500E298-C5A8-0ED0-1CAD-E52C7B07EBAB}"
EndProject
Project("{2150E333-8FDC-42A3-9474-1A3956D46DE8}") = "61848 - Mazza Leon, Fabrizio Lautaro", "61848 - Mazza Leon, Fabrizio Lautaro", "{3CFEF441-6426-A038-023E-AA5EC70FD7FA}"
EndProject
Project("{FAE04EC0-301F-11D3-BF4B-00C04F79EFBC}") = "tp4", "TP\61848 - Mazza Leon, Fabrizio Lautaro\tp4\tp4.csproj", "{B9963871-D18E-13F1-40C9-6E7EF4762044}"
EndProject
Project("{2150E333-8FDC-42A3-9474-1A3956D46DE8}") = "61858 - Perez, Facundo Agustin", "61858 - Perez, Facundo Agustin", "{1AE59A6D-052C-FE51-1638-BE92F84D0A46}"
EndProject
Project("{FAE04EC0-301F-11D3-BF4B-00C04F79EFBC}") = "tp4", "TP\61858 - Perez, Facundo Agustin\tp4\tp4.csproj", "{D018B069-E164-0847-FE31-E39283834A46}"
EndProject
Project("{2150E333-8FDC-42A3-9474-1A3956D46DE8}") = "61862 - Zerda, Thomas", "61862 - Zerda, Thomas", "{0443EE7B-EDA8-71AB-C2BD-50DE4CB82321}"
EndProject
Project("{FAE04EC0-301F-11D3-BF4B-00C04F79EFBC}") = "tp4", "TP\61862 - Zerda, Thomas\tp4\tp4.csproj", "{C93224AA-28A8-FA4D-AD43-E92C7F8C51E7}"
EndProject
Project("{2150E333-8FDC-42A3-9474-1A3956D46DE8}") = "61905 - Martinez, Augusto", "61905 - Martinez, Augusto", "{31A366ED-05DE-0E44-B862-FC076BBBE46C}"
EndProject
Project("{FAE04EC0-301F-11D3-BF4B-00C04F79EFBC}") = "tp4", "TP\61905 - Martinez, Augusto\tp4\tp4.csproj", "{665E7D3B-42FA-6061-478D-206F59A02D54}"
EndProject
Project("{2150E333-8FDC-42A3-9474-1A3956D46DE8}") = "61908 - Costilla, Ignacio", "61908 - Costilla, Ignacio", "{2CC1C733-DE97-2C5B-6EC3-4C6E8D648D70}"
EndProject
Project("{FAE04EC0-301F-11D3-BF4B-00C04F79EFBC}") = "tp4", "TP\61908 - Costilla, Ignacio\tp4\tp4.csproj", "{23FAD9BD-73BC-9B5A-41CB-986E7332D00E}"
EndProject
Project("{2150E333-8FDC-42A3-9474-1A3956D46DE8}") = "61912 - Nuñez, Arturo Valentin", "61912 - Nuñez, Arturo Valentin", "{801E825C-CCB5-EEB7-7C2E-8997F383158F}"
EndProject
Project("{FAE04EC0-301F-11D3-BF4B-00C04F79EFBC}") = "tp4", "TP\61912 - Nuñez, Arturo Valentin\tp4\tp4.csproj", "{A0758F47-F509-2E2E-B512-75B3BEEF511A}"
EndProject
Project("{2150E333-8FDC-42A3-9474-1A3956D46DE8}") = "61914 - Robles, Leandro Gonzalo", "61914 - Robles, Leandro Gonzalo", "{970E0A93-84CD-49FC-FA7E-45B7D3B0F0AA}"
EndProject
Project("{FAE04EC0-301F-11D3-BF4B-00C04F79EFBC}") = "tp4", "TP\61914 - Robles, Leandro Gonzalo\tp4\tp4.csproj", "{23998703-C268-D0FC-FF19-3AEB106CE707}"
EndProject
Project("{2150E333-8FDC-42A3-9474-1A3956D46DE8}") = "61956 - Leglisé, Laureano", "61956 - Leglisé, Laureano", "{73CA4F47-430A-4BA2-203B-61A0DCF2647E}"
EndProject
Project("{FAE04EC0-301F-11D3-BF4B-00C04F79EFBC}") = "tp4", "TP\61956 - Leglisé, Laureano\tp4\tp4.csproj", "{067CEEE1-1883-CB08-E42E-54503D3B274C}"
EndProject
Project("{2150E333-8FDC-42A3-9474-1A3956D46DE8}") = "61962 - Robledo, Rocio Micaela", "61962 - Robledo, Rocio Micaela", "{79D012D8-812A-1D2A-6283-481EA8BC244E}"
EndProject
Project("{FAE04EC0-301F-11D3-BF4B-00C04F79EFBC}") = "tp4", "TP\61962 - Robledo, Rocio Micaela\tp4\tp4.csproj", "{7F0620EA-71F5-9096-71F4-1B2C7EAD4CF7}"
EndProject
Project("{2150E333-8FDC-42A3-9474-1A3956D46DE8}") = "61985 - Orqueda, Francisco Nicolás", "61985 - Orqueda, Francisco Nicolás", "{BA74DD5F-BD91-38C4-95BF-D3E02D98ECAB}"
EndProject
Project("{FAE04EC0-301F-11D3-BF4B-00C04F79EFBC}") = "tp4", "TP\61985 - Orqueda, Francisco Nicolás\tp4\tp4.csproj", "{D054138B-000F-5515-FD4C-D1F914E2EE5B}"
EndProject
Project("{2150E333-8FDC-42A3-9474-1A3956D46DE8}") = "61988 - Villada, Guillermo Nicolás", "61988 - Villada, Guillermo Nicolás", "{5F20B3E6-8EBD-AEC8-3A92-03A6ED9888E2}"
EndProject
Project("{FAE04EC0-301F-11D3-BF4B-00C04F79EFBC}") = "tp4", "TP\61988 - Villada, Guillermo Nicolás\tp4\tp4.csproj", "{AA56E763-8BF9-D7F3-47D5-C5BB8E98B9F3}"
EndProject
Project("{2150E333-8FDC-42A3-9474-1A3956D46DE8}") = "62053 - Herrera Palomino, Ivam Agustín", "62053 - Herrera Palomino, Ivam Agustín", "{24A67B85-74A0-3F0F-E441-590E769A64DD}"
EndProject
Project("{FAE04EC0-301F-11D3-BF4B-00C04F79EFBC}") = "tp4", "TP\62053 - Herrera Palomino, Ivam Agustín\tp4\tp4.csproj", "{7515D9CF-10F8-0738-8401-147FD3D4174B}"
EndProject
Project("{2150E333-8FDC-42A3-9474-1A3956D46DE8}") = "62055 - Ahumada, Aiquén", "62055 - Ahumada, Aiquén", "{0BFFB968-98F1-4B01-01B4-FE0ED03273B4}"
EndProject
Project("{FAE04EC0-301F-11D3-BF4B-00C04F79EFBC}") = "tp4", "TP\62055 - Ahumada, Aiquén\tp4\tp4.csproj", "{9F5B8BBE-461A-9C61-625D-33DE5254EE25}"
EndProject
Project("{2150E333-8FDC-42A3-9474-1A3956D46DE8}") = "62093 - Frías Silva, Juan Segundo", "62093 - Frías Silva, Juan Segundo", "{2592BE6E-01DA-B5A8-FEB0-65A3976C2812}"
EndProject
Project("{FAE04EC0-301F-11D3-BF4B-00C04F79EFBC}") = "tp4", "TP\62093 - Frías Silva, Juan Segundo\tp4\tp4.csproj", "{5FDB89A7-7C9F-CDC5-F48B-CA826165F7BA}"
EndProject
Project("{2150E333-8FDC-42A3-9474-1A3956D46DE8}") = "62104 - Robledo, Juan Gerardo", "62104 - Robledo, Juan Gerardo", "{BF09E841-3FF6-A1B5-EE3F-4AEF47C6822C}"
EndProject
Project("{FAE04EC0-301F-11D3-BF4B-00C04F79EFBC}") = "tp4", "TP\62104 - Robledo, Juan Gerardo\tp4\tp4.csproj", "{41E421E4-B4E7-BB61-82DF-7E2282D5193B}"
EndProject
Project("{2150E333-8FDC-42A3-9474-1A3956D46DE8}") = "62136 - Muse, Alejandro", "62136 - Muse, Alejandro", "{D5AB29AF-FCF1-C5E5-400F-560EDBD60326}"
EndProject
Project("{FAE04EC0-301F-11D3-BF4B-00C04F79EFBC}") = "tp4", "TP\62136 - Muse, Alejandro\tp4\tp4.csproj", "{DD210D1F-F29B-033F-2A1F-AEFF92EC8E8B}"
EndProject
Project("{2150E333-8FDC-42A3-9474-1A3956D46DE8}") = "62172 - Salcedo, Mariana Aylen", "62172 - Salcedo, Mariana Aylen", "{0D6C342D-E027-8F8D-84C1-245A8FA8AE58}"
EndProject
Project("{FAE04EC0-301F-11D3-BF4B-00C04F79EFBC}") = "tp4", "TP\62172 - Salcedo, Mariana Aylen\tp4\tp4.csproj", "{F52EF4A5-2C22-F454-6FBE-4BBCD942E07A}"
EndProject
Project("{2150E333-8FDC-42A3-9474-1A3956D46DE8}") = "62263 - Orellana, José Augusto", "62263 - Orellana, José Augusto", "{B0E854E4-015F-BD4A-C366-E594140D9621}"
EndProject
Project("{FAE04EC0-301F-11D3-BF4B-00C04F79EFBC}") = "tp4", "TP\62263 - Orellana, José Augusto\tp4\tp4.csproj", "{E7C3BE6D-F468-E033-F381-5CC2DBC22D9F}"
EndProject
Project("{2150E333-8FDC-42A3-9474-1A3956D46DE8}") = "62555 - Verón, Matias Gabriel", "62555 - Verón, Matias Gabriel", "{B914D17C-B204-2458-45B4-96D9E0D154E6}"
EndProject
Project("{FAE04EC0-301F-11D3-BF4B-00C04F79EFBC}") = "tp4", "TP\62555 - Verón, Matias Gabriel\tp4\tp4.csproj", "{6510D882-40F2-B818-54BC-689DEC3E1F90}"
EndProject
Project("{2150E333-8FDC-42A3-9474-1A3956D46DE8}") = "62564 - Sanchez, Santiago Sebastian", "62564 - Sanchez, Santiago Sebastian", "{730C382C-800E-CAB3-67E4-7AF608361491}"
EndProject
Project("{FAE04EC0-301F-11D3-BF4B-00C04F79EFBC}") = "tp4", "TP\62564 - Sanchez, Santiago Sebastian\tp4\tp4.csproj", "{EE32BE4E-0ECA-A74F-19D6-CD77A07C963B}"
EndProject
Project("{2150E333-8FDC-42A3-9474-1A3956D46DE8}") = "62612 - Campos, Julieta Antonella", "62612 - Campos, Julieta Antonella", "{66BB8571-62DB-41BE-4EA8-3971485E0ED5}"
EndProject
Project("{FAE04EC0-301F-11D3-BF4B-00C04F79EFBC}") = "tp4", "TP\62612 - Campos, Julieta Antonella\tp4\tp4.csproj", "{52900EFD-8235-35D5-3C69-AD6C326DC11C}"
EndProject
Global
	GlobalSection(SolutionConfigurationPlatforms) = preSolution
		Debug|Any CPU = Debug|Any CPU
		Release|Any CPU = Release|Any CPU
	EndGlobalSection
	GlobalSection(ProjectConfigurationPlatforms) = postSolution
		{BB35B401-4EF4-989E-18E9-C126B008FEAB}.Debug|Any CPU.ActiveCfg = Debug|Any CPU
		{BB35B401-4EF4-989E-18E9-C126B008FEAB}.Debug|Any CPU.Build.0 = Debug|Any CPU
		{BB35B401-4EF4-989E-18E9-C126B008FEAB}.Release|Any CPU.ActiveCfg = Release|Any CPU
		{BB35B401-4EF4-989E-18E9-C126B008FEAB}.Release|Any CPU.Build.0 = Release|Any CPU
		{B2E5FCF3-D977-EA22-3450-3D8689777D8A}.Debug|Any CPU.ActiveCfg = Debug|Any CPU
		{B2E5FCF3-D977-EA22-3450-3D8689777D8A}.Debug|Any CPU.Build.0 = Debug|Any CPU
		{B2E5FCF3-D977-EA22-3450-3D8689777D8A}.Release|Any CPU.ActiveCfg = Release|Any CPU
		{B2E5FCF3-D977-EA22-3450-3D8689777D8A}.Release|Any CPU.Build.0 = Release|Any CPU
		{042BD67A-A545-DD7E-3CBC-E69AB18A455F}.Debug|Any CPU.ActiveCfg = Debug|Any CPU
		{042BD67A-A545-DD7E-3CBC-E69AB18A455F}.Debug|Any CPU.Build.0 = Debug|Any CPU
		{042BD67A-A545-DD7E-3CBC-E69AB18A455F}.Release|Any CPU.ActiveCfg = Release|Any CPU
		{042BD67A-A545-DD7E-3CBC-E69AB18A455F}.Release|Any CPU.Build.0 = Release|Any CPU
		{B0338B57-8DBE-F99E-0EA7-E1A8C87B1357}.Debug|Any CPU.ActiveCfg = Debug|Any CPU
		{B0338B57-8DBE-F99E-0EA7-E1A8C87B1357}.Debug|Any CPU.Build.0 = Debug|Any CPU
		{B0338B57-8DBE-F99E-0EA7-E1A8C87B1357}.Release|Any CPU.ActiveCfg = Release|Any CPU
		{B0338B57-8DBE-F99E-0EA7-E1A8C87B1357}.Release|Any CPU.Build.0 = Release|Any CPU
		{5B78550A-52D1-C527-83D5-03E9657F867B}.Debug|Any CPU.ActiveCfg = Debug|Any CPU
		{5B78550A-52D1-C527-83D5-03E9657F867B}.Debug|Any CPU.Build.0 = Debug|Any CPU
		{5B78550A-52D1-C527-83D5-03E9657F867B}.Release|Any CPU.ActiveCfg = Release|Any CPU
		{5B78550A-52D1-C527-83D5-03E9657F867B}.Release|Any CPU.Build.0 = Release|Any CPU
		{A16668E8-3F43-F672-105D-469E42E6DC32}.Debug|Any CPU.ActiveCfg = Debug|Any CPU
		{A16668E8-3F43-F672-105D-469E42E6DC32}.Debug|Any CPU.Build.0 = Debug|Any CPU
		{A16668E8-3F43-F672-105D-469E42E6DC32}.Release|Any CPU.ActiveCfg = Release|Any CPU
		{A16668E8-3F43-F672-105D-469E42E6DC32}.Release|Any CPU.Build.0 = Release|Any CPU
		{864AC1D2-4D48-3479-EAFD-94DD8A3C3AA7}.Debug|Any CPU.ActiveCfg = Debug|Any CPU
		{864AC1D2-4D48-3479-EAFD-94DD8A3C3AA7}.Debug|Any CPU.Build.0 = Debug|Any CPU
		{864AC1D2-4D48-3479-EAFD-94DD8A3C3AA7}.Release|Any CPU.ActiveCfg = Release|Any CPU
		{864AC1D2-4D48-3479-EAFD-94DD8A3C3AA7}.Release|Any CPU.Build.0 = Release|Any CPU
		{77CA8507-463E-5A45-C0BE-324161A67721}.Debug|Any CPU.ActiveCfg = Debug|Any CPU
		{77CA8507-463E-5A45-C0BE-324161A67721}.Debug|Any CPU.Build.0 = Debug|Any CPU
		{77CA8507-463E-5A45-C0BE-324161A67721}.Release|Any CPU.ActiveCfg = Release|Any CPU
		{77CA8507-463E-5A45-C0BE-324161A67721}.Release|Any CPU.Build.0 = Release|Any CPU
		{3F44D6F7-21AB-8AAD-EF92-6EDF07F23B7C}.Debug|Any CPU.ActiveCfg = Debug|Any CPU
		{3F44D6F7-21AB-8AAD-EF92-6EDF07F23B7C}.Debug|Any CPU.Build.0 = Debug|Any CPU
		{3F44D6F7-21AB-8AAD-EF92-6EDF07F23B7C}.Release|Any CPU.ActiveCfg = Release|Any CPU
		{3F44D6F7-21AB-8AAD-EF92-6EDF07F23B7C}.Release|Any CPU.Build.0 = Release|Any CPU
		{B35E01B9-1ED9-A49A-D421-AC8BA95CC9B1}.Debug|Any CPU.ActiveCfg = Debug|Any CPU
		{B35E01B9-1ED9-A49A-D421-AC8BA95CC9B1}.Debug|Any CPU.Build.0 = Debug|Any CPU
		{B35E01B9-1ED9-A49A-D421-AC8BA95CC9B1}.Release|Any CPU.ActiveCfg = Release|Any CPU
		{B35E01B9-1ED9-A49A-D421-AC8BA95CC9B1}.Release|Any CPU.Build.0 = Release|Any CPU
		{837E5DC7-F987-9B2F-E138-F3DA230B9FBF}.Debug|Any CPU.ActiveCfg = Debug|Any CPU
		{837E5DC7-F987-9B2F-E138-F3DA230B9FBF}.Debug|Any CPU.Build.0 = Debug|Any CPU
		{837E5DC7-F987-9B2F-E138-F3DA230B9FBF}.Release|Any CPU.ActiveCfg = Release|Any CPU
		{837E5DC7-F987-9B2F-E138-F3DA230B9FBF}.Release|Any CPU.Build.0 = Release|Any CPU
		{D2423DB8-B6D1-B323-4EBD-ACC8322D0919}.Debug|Any CPU.ActiveCfg = Debug|Any CPU
		{D2423DB8-B6D1-B323-4EBD-ACC8322D0919}.Debug|Any CPU.Build.0 = Debug|Any CPU
		{D2423DB8-B6D1-B323-4EBD-ACC8322D0919}.Release|Any CPU.ActiveCfg = Release|Any CPU
		{D2423DB8-B6D1-B323-4EBD-ACC8322D0919}.Release|Any CPU.Build.0 = Release|Any CPU
		{CA4A0781-EF98-C4EF-99D9-3D4E0FE3C4FA}.Debug|Any CPU.ActiveCfg = Debug|Any CPU
		{CA4A0781-EF98-C4EF-99D9-3D4E0FE3C4FA}.Debug|Any CPU.Build.0 = Debug|Any CPU
		{CA4A0781-EF98-C4EF-99D9-3D4E0FE3C4FA}.Release|Any CPU.ActiveCfg = Release|Any CPU
		{CA4A0781-EF98-C4EF-99D9-3D4E0FE3C4FA}.Release|Any CPU.Build.0 = Release|Any CPU
		{5EBF0102-012B-A053-36A5-B719AC72A17B}.Debug|Any CPU.ActiveCfg = Debug|Any CPU
		{5EBF0102-012B-A053-36A5-B719AC72A17B}.Debug|Any CPU.Build.0 = Debug|Any CPU
		{5EBF0102-012B-A053-36A5-B719AC72A17B}.Release|Any CPU.ActiveCfg = Release|Any CPU
		{5EBF0102-012B-A053-36A5-B719AC72A17B}.Release|Any CPU.Build.0 = Release|Any CPU
		{BD74CD7A-2640-57BB-B79B-8C578E5305BE}.Debug|Any CPU.ActiveCfg = Debug|Any CPU
		{BD74CD7A-2640-57BB-B79B-8C578E5305BE}.Debug|Any CPU.Build.0 = Debug|Any CPU
		{BD74CD7A-2640-57BB-B79B-8C578E5305BE}.Release|Any CPU.ActiveCfg = Release|Any CPU
		{BD74CD7A-2640-57BB-B79B-8C578E5305BE}.Release|Any CPU.Build.0 = Release|Any CPU
		{B205E537-9CD6-496C-5845-C5D54C6A85D9}.Debug|Any CPU.ActiveCfg = Debug|Any CPU
		{B205E537-9CD6-496C-5845-C5D54C6A85D9}.Debug|Any CPU.Build.0 = Debug|Any CPU
		{B205E537-9CD6-496C-5845-C5D54C6A85D9}.Release|Any CPU.ActiveCfg = Release|Any CPU
		{B205E537-9CD6-496C-5845-C5D54C6A85D9}.Release|Any CPU.Build.0 = Release|Any CPU
		{6D39DC4C-6303-6872-385C-A6765443242C}.Debug|Any CPU.ActiveCfg = Debug|Any CPU
		{6D39DC4C-6303-6872-385C-A6765443242C}.Debug|Any CPU.Build.0 = Debug|Any CPU
		{6D39DC4C-6303-6872-385C-A6765443242C}.Release|Any CPU.ActiveCfg = Release|Any CPU
		{6D39DC4C-6303-6872-385C-A6765443242C}.Release|Any CPU.Build.0 = Release|Any CPU
		{01E84A14-6590-A469-DF8E-BFD72DBD3DC3}.Debug|Any CPU.ActiveCfg = Debug|Any CPU
		{01E84A14-6590-A469-DF8E-BFD72DBD3DC3}.Debug|Any CPU.Build.0 = Debug|Any CPU
		{01E84A14-6590-A469-DF8E-BFD72DBD3DC3}.Release|Any CPU.ActiveCfg = Release|Any CPU
		{01E84A14-6590-A469-DF8E-BFD72DBD3DC3}.Release|Any CPU.Build.0 = Release|Any CPU
		{CDB5C975-7FA1-63CD-6015-8154E041F612}.Debug|Any CPU.ActiveCfg = Debug|Any CPU
		{CDB5C975-7FA1-63CD-6015-8154E041F612}.Debug|Any CPU.Build.0 = Debug|Any CPU
		{CDB5C975-7FA1-63CD-6015-8154E041F612}.Release|Any CPU.ActiveCfg = Release|Any CPU
		{CDB5C975-7FA1-63CD-6015-8154E041F612}.Release|Any CPU.Build.0 = Release|Any CPU
		{F7747AF1-B2C8-DF1D-29C5-26BDFCE4CA53}.Debug|Any CPU.ActiveCfg = Debug|Any CPU
		{F7747AF1-B2C8-DF1D-29C5-26BDFCE4CA53}.Debug|Any CPU.Build.0 = Debug|Any CPU
		{F7747AF1-B2C8-DF1D-29C5-26BDFCE4CA53}.Release|Any CPU.ActiveCfg = Release|Any CPU
		{F7747AF1-B2C8-DF1D-29C5-26BDFCE4CA53}.Release|Any CPU.Build.0 = Release|Any CPU
		{785B3705-0BDF-27BA-97E1-8F788B761FFC}.Debug|Any CPU.ActiveCfg = Debug|Any CPU
		{785B3705-0BDF-27BA-97E1-8F788B761FFC}.Debug|Any CPU.Build.0 = Debug|Any CPU
		{785B3705-0BDF-27BA-97E1-8F788B761FFC}.Release|Any CPU.ActiveCfg = Release|Any CPU
		{785B3705-0BDF-27BA-97E1-8F788B761FFC}.Release|Any CPU.Build.0 = Release|Any CPU
		{883FCA74-0920-309F-DF3F-75BEC2FB184D}.Debug|Any CPU.ActiveCfg = Debug|Any CPU
		{883FCA74-0920-309F-DF3F-75BEC2FB184D}.Debug|Any CPU.Build.0 = Debug|Any CPU
		{883FCA74-0920-309F-DF3F-75BEC2FB184D}.Release|Any CPU.ActiveCfg = Release|Any CPU
		{883FCA74-0920-309F-DF3F-75BEC2FB184D}.Release|Any CPU.Build.0 = Release|Any CPU
		{B5A03E37-F1BB-5CAC-E6C5-14822618E227}.Debug|Any CPU.ActiveCfg = Debug|Any CPU
		{B5A03E37-F1BB-5CAC-E6C5-14822618E227}.Debug|Any CPU.Build.0 = Debug|Any CPU
		{B5A03E37-F1BB-5CAC-E6C5-14822618E227}.Release|Any CPU.ActiveCfg = Release|Any CPU
		{B5A03E37-F1BB-5CAC-E6C5-14822618E227}.Release|Any CPU.Build.0 = Release|Any CPU
		{C3C02310-858C-2487-976E-4FABEF1EB64B}.Debug|Any CPU.ActiveCfg = Debug|Any CPU
		{C3C02310-858C-2487-976E-4FABEF1EB64B}.Debug|Any CPU.Build.0 = Debug|Any CPU
		{C3C02310-858C-2487-976E-4FABEF1EB64B}.Release|Any CPU.ActiveCfg = Release|Any CPU
		{C3C02310-858C-2487-976E-4FABEF1EB64B}.Release|Any CPU.Build.0 = Release|Any CPU
		{020FD142-A52F-34D2-6576-A5911CBCA584}.Debug|Any CPU.ActiveCfg = Debug|Any CPU
		{020FD142-A52F-34D2-6576-A5911CBCA584}.Debug|Any CPU.Build.0 = Debug|Any CPU
		{020FD142-A52F-34D2-6576-A5911CBCA584}.Release|Any CPU.ActiveCfg = Release|Any CPU
		{020FD142-A52F-34D2-6576-A5911CBCA584}.Release|Any CPU.Build.0 = Release|Any CPU
		{45FC8A9D-6AEF-575F-D95E-7F4D0144FDD3}.Debug|Any CPU.ActiveCfg = Debug|Any CPU
		{45FC8A9D-6AEF-575F-D95E-7F4D0144FDD3}.Debug|Any CPU.Build.0 = Debug|Any CPU
		{45FC8A9D-6AEF-575F-D95E-7F4D0144FDD3}.Release|Any CPU.ActiveCfg = Release|Any CPU
		{45FC8A9D-6AEF-575F-D95E-7F4D0144FDD3}.Release|Any CPU.Build.0 = Release|Any CPU
		{2223D6A2-E496-A6B9-3CD9-637D6A61394D}.Debug|Any CPU.ActiveCfg = Debug|Any CPU
		{2223D6A2-E496-A6B9-3CD9-637D6A61394D}.Debug|Any CPU.Build.0 = Debug|Any CPU
		{2223D6A2-E496-A6B9-3CD9-637D6A61394D}.Release|Any CPU.ActiveCfg = Release|Any CPU
		{2223D6A2-E496-A6B9-3CD9-637D6A61394D}.Release|Any CPU.Build.0 = Release|Any CPU
		{C468F1C3-2365-A95C-49BA-534758C87AA4}.Debug|Any CPU.ActiveCfg = Debug|Any CPU
		{C468F1C3-2365-A95C-49BA-534758C87AA4}.Debug|Any CPU.Build.0 = Debug|Any CPU
		{C468F1C3-2365-A95C-49BA-534758C87AA4}.Release|Any CPU.ActiveCfg = Release|Any CPU
		{C468F1C3-2365-A95C-49BA-534758C87AA4}.Release|Any CPU.Build.0 = Release|Any CPU
		{F7C20710-5C3B-15E4-E513-60F1B63BE9D9}.Debug|Any CPU.ActiveCfg = Debug|Any CPU
		{F7C20710-5C3B-15E4-E513-60F1B63BE9D9}.Debug|Any CPU.Build.0 = Debug|Any CPU
		{F7C20710-5C3B-15E4-E513-60F1B63BE9D9}.Release|Any CPU.ActiveCfg = Release|Any CPU
		{F7C20710-5C3B-15E4-E513-60F1B63BE9D9}.Release|Any CPU.Build.0 = Release|Any CPU
		{94D2689E-C249-624B-EA2F-5672121748BB}.Debug|Any CPU.ActiveCfg = Debug|Any CPU
		{94D2689E-C249-624B-EA2F-5672121748BB}.Debug|Any CPU.Build.0 = Debug|Any CPU
		{94D2689E-C249-624B-EA2F-5672121748BB}.Release|Any CPU.ActiveCfg = Release|Any CPU
		{94D2689E-C249-624B-EA2F-5672121748BB}.Release|Any CPU.Build.0 = Release|Any CPU
		{94763C32-955D-17E3-5648-831BC5743293}.Debug|Any CPU.ActiveCfg = Debug|Any CPU
		{94763C32-955D-17E3-5648-831BC5743293}.Debug|Any CPU.Build.0 = Debug|Any CPU
		{94763C32-955D-17E3-5648-831BC5743293}.Release|Any CPU.ActiveCfg = Release|Any CPU
		{94763C32-955D-17E3-5648-831BC5743293}.Release|Any CPU.Build.0 = Release|Any CPU
		{FF12D27D-2C08-949E-A509-BA5E2173F3EF}.Debug|Any CPU.ActiveCfg = Debug|Any CPU
		{FF12D27D-2C08-949E-A509-BA5E2173F3EF}.Debug|Any CPU.Build.0 = Debug|Any CPU
		{FF12D27D-2C08-949E-A509-BA5E2173F3EF}.Release|Any CPU.ActiveCfg = Release|Any CPU
		{FF12D27D-2C08-949E-A509-BA5E2173F3EF}.Release|Any CPU.Build.0 = Release|Any CPU
		{85972235-D298-5336-385A-EDBB13D8B107}.Debug|Any CPU.ActiveCfg = Debug|Any CPU
		{85972235-D298-5336-385A-EDBB13D8B107}.Debug|Any CPU.Build.0 = Debug|Any CPU
		{85972235-D298-5336-385A-EDBB13D8B107}.Release|Any CPU.ActiveCfg = Release|Any CPU
		{85972235-D298-5336-385A-EDBB13D8B107}.Release|Any CPU.Build.0 = Release|Any CPU
		{1AC8DB01-C009-C8EA-F2C6-53F4C67B11B8}.Debug|Any CPU.ActiveCfg = Debug|Any CPU
		{1AC8DB01-C009-C8EA-F2C6-53F4C67B11B8}.Debug|Any CPU.Build.0 = Debug|Any CPU
		{1AC8DB01-C009-C8EA-F2C6-53F4C67B11B8}.Release|Any CPU.ActiveCfg = Release|Any CPU
		{1AC8DB01-C009-C8EA-F2C6-53F4C67B11B8}.Release|Any CPU.Build.0 = Release|Any CPU
		{3C93BC4C-A212-9773-F31E-EA40DC548458}.Debug|Any CPU.ActiveCfg = Debug|Any CPU
		{3C93BC4C-A212-9773-F31E-EA40DC548458}.Debug|Any CPU.Build.0 = Debug|Any CPU
		{3C93BC4C-A212-9773-F31E-EA40DC548458}.Release|Any CPU.ActiveCfg = Release|Any CPU
		{3C93BC4C-A212-9773-F31E-EA40DC548458}.Release|Any CPU.Build.0 = Release|Any CPU
		{A87C1209-E0A4-CE9C-FF2C-787234A6BF19}.Debug|Any CPU.ActiveCfg = Debug|Any CPU
		{A87C1209-E0A4-CE9C-FF2C-787234A6BF19}.Debug|Any CPU.Build.0 = Debug|Any CPU
		{A87C1209-E0A4-CE9C-FF2C-787234A6BF19}.Release|Any CPU.ActiveCfg = Release|Any CPU
		{A87C1209-E0A4-CE9C-FF2C-787234A6BF19}.Release|Any CPU.Build.0 = Release|Any CPU
		{7256CF48-73DA-EE71-9206-206C49A8BAB2}.Debug|Any CPU.ActiveCfg = Debug|Any CPU
		{7256CF48-73DA-EE71-9206-206C49A8BAB2}.Debug|Any CPU.Build.0 = Debug|Any CPU
		{7256CF48-73DA-EE71-9206-206C49A8BAB2}.Release|Any CPU.ActiveCfg = Release|Any CPU
		{7256CF48-73DA-EE71-9206-206C49A8BAB2}.Release|Any CPU.Build.0 = Release|Any CPU
		{14681106-7B7A-30CF-794A-F91353AC48EC}.Debug|Any CPU.ActiveCfg = Debug|Any CPU
		{14681106-7B7A-30CF-794A-F91353AC48EC}.Debug|Any CPU.Build.0 = Debug|Any CPU
		{14681106-7B7A-30CF-794A-F91353AC48EC}.Release|Any CPU.ActiveCfg = Release|Any CPU
		{14681106-7B7A-30CF-794A-F91353AC48EC}.Release|Any CPU.Build.0 = Release|Any CPU
		{05865B7C-8495-B461-10E6-ED8A09486A4D}.Debug|Any CPU.ActiveCfg = Debug|Any CPU
		{05865B7C-8495-B461-10E6-ED8A09486A4D}.Debug|Any CPU.Build.0 = Debug|Any CPU
		{05865B7C-8495-B461-10E6-ED8A09486A4D}.Release|Any CPU.ActiveCfg = Release|Any CPU
		{05865B7C-8495-B461-10E6-ED8A09486A4D}.Release|Any CPU.Build.0 = Release|Any CPU
		{98EC03AB-E9E9-DFD8-9541-9D70F4F129C6}.Debug|Any CPU.ActiveCfg = Debug|Any CPU
		{98EC03AB-E9E9-DFD8-9541-9D70F4F129C6}.Debug|Any CPU.Build.0 = Debug|Any CPU
		{98EC03AB-E9E9-DFD8-9541-9D70F4F129C6}.Release|Any CPU.ActiveCfg = Release|Any CPU
		{98EC03AB-E9E9-DFD8-9541-9D70F4F129C6}.Release|Any CPU.Build.0 = Release|Any CPU
		{75805F94-C9ED-437C-981A-91196FCBCB78}.Debug|Any CPU.ActiveCfg = Debug|Any CPU
		{75805F94-C9ED-437C-981A-91196FCBCB78}.Debug|Any CPU.Build.0 = Debug|Any CPU
		{75805F94-C9ED-437C-981A-91196FCBCB78}.Release|Any CPU.ActiveCfg = Release|Any CPU
		{75805F94-C9ED-437C-981A-91196FCBCB78}.Release|Any CPU.Build.0 = Release|Any CPU
		{AD76E335-D7BD-D858-BB8D-D3860C5A7B31}.Debug|Any CPU.ActiveCfg = Debug|Any CPU
		{AD76E335-D7BD-D858-BB8D-D3860C5A7B31}.Debug|Any CPU.Build.0 = Debug|Any CPU
		{AD76E335-D7BD-D858-BB8D-D3860C5A7B31}.Release|Any CPU.ActiveCfg = Release|Any CPU
		{AD76E335-D7BD-D858-BB8D-D3860C5A7B31}.Release|Any CPU.Build.0 = Release|Any CPU
		{8D44A89B-C02A-17DB-EB18-52593BE72C3E}.Debug|Any CPU.ActiveCfg = Debug|Any CPU
		{8D44A89B-C02A-17DB-EB18-52593BE72C3E}.Debug|Any CPU.Build.0 = Debug|Any CPU
		{8D44A89B-C02A-17DB-EB18-52593BE72C3E}.Release|Any CPU.ActiveCfg = Release|Any CPU
		{8D44A89B-C02A-17DB-EB18-52593BE72C3E}.Release|Any CPU.Build.0 = Release|Any CPU
		{72C1E3C6-9BA8-7807-B94D-9F38B8E2AB30}.Debug|Any CPU.ActiveCfg = Debug|Any CPU
		{72C1E3C6-9BA8-7807-B94D-9F38B8E2AB30}.Debug|Any CPU.Build.0 = Debug|Any CPU
		{72C1E3C6-9BA8-7807-B94D-9F38B8E2AB30}.Release|Any CPU.ActiveCfg = Release|Any CPU
		{72C1E3C6-9BA8-7807-B94D-9F38B8E2AB30}.Release|Any CPU.Build.0 = Release|Any CPU
		{369F1C4B-D80A-2CB1-718D-2D6360EBAFDD}.Debug|Any CPU.ActiveCfg = Debug|Any CPU
		{369F1C4B-D80A-2CB1-718D-2D6360EBAFDD}.Debug|Any CPU.Build.0 = Debug|Any CPU
		{369F1C4B-D80A-2CB1-718D-2D6360EBAFDD}.Release|Any CPU.ActiveCfg = Release|Any CPU
		{369F1C4B-D80A-2CB1-718D-2D6360EBAFDD}.Release|Any CPU.Build.0 = Release|Any CPU
		{C1F71681-00F3-480D-52A6-191480AECE95}.Debug|Any CPU.ActiveCfg = Debug|Any CPU
		{C1F71681-00F3-480D-52A6-191480AECE95}.Debug|Any CPU.Build.0 = Debug|Any CPU
		{C1F71681-00F3-480D-52A6-191480AECE95}.Release|Any CPU.ActiveCfg = Release|Any CPU
		{C1F71681-00F3-480D-52A6-191480AECE95}.Release|Any CPU.Build.0 = Release|Any CPU
		{06E7FF36-9BE8-B261-F580-F73E08E5A770}.Debug|Any CPU.ActiveCfg = Debug|Any CPU
		{06E7FF36-9BE8-B261-F580-F73E08E5A770}.Debug|Any CPU.Build.0 = Debug|Any CPU
		{06E7FF36-9BE8-B261-F580-F73E08E5A770}.Release|Any CPU.ActiveCfg = Release|Any CPU
		{06E7FF36-9BE8-B261-F580-F73E08E5A770}.Release|Any CPU.Build.0 = Release|Any CPU
		{E4A41FFA-527C-286F-9864-84B4DC184C4A}.Debug|Any CPU.ActiveCfg = Debug|Any CPU
		{E4A41FFA-527C-286F-9864-84B4DC184C4A}.Debug|Any CPU.Build.0 = Debug|Any CPU
		{E4A41FFA-527C-286F-9864-84B4DC184C4A}.Release|Any CPU.ActiveCfg = Release|Any CPU
		{E4A41FFA-527C-286F-9864-84B4DC184C4A}.Release|Any CPU.Build.0 = Release|Any CPU
		{4E5B3217-FC59-7C1D-6E2B-E66A84AC3E00}.Debug|Any CPU.ActiveCfg = Debug|Any CPU
		{4E5B3217-FC59-7C1D-6E2B-E66A84AC3E00}.Debug|Any CPU.Build.0 = Debug|Any CPU
		{4E5B3217-FC59-7C1D-6E2B-E66A84AC3E00}.Release|Any CPU.ActiveCfg = Release|Any CPU
		{4E5B3217-FC59-7C1D-6E2B-E66A84AC3E00}.Release|Any CPU.Build.0 = Release|Any CPU
		{81C5DD98-3AEE-E723-4031-AD027C37CD0E}.Debug|Any CPU.ActiveCfg = Debug|Any CPU
		{81C5DD98-3AEE-E723-4031-AD027C37CD0E}.Debug|Any CPU.Build.0 = Debug|Any CPU
		{81C5DD98-3AEE-E723-4031-AD027C37CD0E}.Release|Any CPU.ActiveCfg = Release|Any CPU
		{81C5DD98-3AEE-E723-4031-AD027C37CD0E}.Release|Any CPU.Build.0 = Release|Any CPU
		{7806217A-52C2-0940-F88D-944225EC0125}.Debug|Any CPU.ActiveCfg = Debug|Any CPU
		{7806217A-52C2-0940-F88D-944225EC0125}.Debug|Any CPU.Build.0 = Debug|Any CPU
		{7806217A-52C2-0940-F88D-944225EC0125}.Release|Any CPU.ActiveCfg = Release|Any CPU
		{7806217A-52C2-0940-F88D-944225EC0125}.Release|Any CPU.Build.0 = Release|Any CPU
		{651DB076-6101-A134-DA9E-B674FB739136}.Debug|Any CPU.ActiveCfg = Debug|Any CPU
		{651DB076-6101-A134-DA9E-B674FB739136}.Debug|Any CPU.Build.0 = Debug|Any CPU
		{651DB076-6101-A134-DA9E-B674FB739136}.Release|Any CPU.ActiveCfg = Release|Any CPU
		{651DB076-6101-A134-DA9E-B674FB739136}.Release|Any CPU.Build.0 = Release|Any CPU
		{D346ADD0-7A04-B9A5-5A95-2D7B4F49CB49}.Debug|Any CPU.ActiveCfg = Debug|Any CPU
		{D346ADD0-7A04-B9A5-5A95-2D7B4F49CB49}.Debug|Any CPU.Build.0 = Debug|Any CPU
		{D346ADD0-7A04-B9A5-5A95-2D7B4F49CB49}.Release|Any CPU.ActiveCfg = Release|Any CPU
		{D346ADD0-7A04-B9A5-5A95-2D7B4F49CB49}.Release|Any CPU.Build.0 = Release|Any CPU
		{C5DC372B-AA89-1FCC-53E9-289DF2435D3B}.Debug|Any CPU.ActiveCfg = Debug|Any CPU
		{C5DC372B-AA89-1FCC-53E9-289DF2435D3B}.Debug|Any CPU.Build.0 = Debug|Any CPU
		{C5DC372B-AA89-1FCC-53E9-289DF2435D3B}.Release|Any CPU.ActiveCfg = Release|Any CPU
		{C5DC372B-AA89-1FCC-53E9-289DF2435D3B}.Release|Any CPU.Build.0 = Release|Any CPU
		{9EFDC62C-D7A8-DF86-53F4-EC042C99237B}.Debug|Any CPU.ActiveCfg = Debug|Any CPU
		{9EFDC62C-D7A8-DF86-53F4-EC042C99237B}.Debug|Any CPU.Build.0 = Debug|Any CPU
		{9EFDC62C-D7A8-DF86-53F4-EC042C99237B}.Release|Any CPU.ActiveCfg = Release|Any CPU
		{9EFDC62C-D7A8-DF86-53F4-EC042C99237B}.Release|Any CPU.Build.0 = Release|Any CPU
		{B750AF57-695C-D540-DA59-F211FAD4D2F7}.Debug|Any CPU.ActiveCfg = Debug|Any CPU
		{B750AF57-695C-D540-DA59-F211FAD4D2F7}.Debug|Any CPU.Build.0 = Debug|Any CPU
		{B750AF57-695C-D540-DA59-F211FAD4D2F7}.Release|Any CPU.ActiveCfg = Release|Any CPU
		{B750AF57-695C-D540-DA59-F211FAD4D2F7}.Release|Any CPU.Build.0 = Release|Any CPU
		{2B2137A8-3342-AEB2-B6C2-2B636408C9CE}.Debug|Any CPU.ActiveCfg = Debug|Any CPU
		{2B2137A8-3342-AEB2-B6C2-2B636408C9CE}.Debug|Any CPU.Build.0 = Debug|Any CPU
		{2B2137A8-3342-AEB2-B6C2-2B636408C9CE}.Release|Any CPU.ActiveCfg = Release|Any CPU
		{2B2137A8-3342-AEB2-B6C2-2B636408C9CE}.Release|Any CPU.Build.0 = Release|Any CPU
		{4DCC3E6B-39A5-8ABD-500A-06C46398E56A}.Debug|Any CPU.ActiveCfg = Debug|Any CPU
		{4DCC3E6B-39A5-8ABD-500A-06C46398E56A}.Debug|Any CPU.Build.0 = Debug|Any CPU
		{4DCC3E6B-39A5-8ABD-500A-06C46398E56A}.Release|Any CPU.ActiveCfg = Release|Any CPU
		{4DCC3E6B-39A5-8ABD-500A-06C46398E56A}.Release|Any CPU.Build.0 = Release|Any CPU
		{66ECE04C-318E-4F64-12E9-A3418610E552}.Debug|Any CPU.ActiveCfg = Debug|Any CPU
		{66ECE04C-318E-4F64-12E9-A3418610E552}.Debug|Any CPU.Build.0 = Debug|Any CPU
		{66ECE04C-318E-4F64-12E9-A3418610E552}.Release|Any CPU.ActiveCfg = Release|Any CPU
		{66ECE04C-318E-4F64-12E9-A3418610E552}.Release|Any CPU.Build.0 = Release|Any CPU
		{B5E6EC68-D210-03DD-0CD4-6C504BE1F238}.Debug|Any CPU.ActiveCfg = Debug|Any CPU
		{B5E6EC68-D210-03DD-0CD4-6C504BE1F238}.Debug|Any CPU.Build.0 = Debug|Any CPU
		{B5E6EC68-D210-03DD-0CD4-6C504BE1F238}.Release|Any CPU.ActiveCfg = Release|Any CPU
		{B5E6EC68-D210-03DD-0CD4-6C504BE1F238}.Release|Any CPU.Build.0 = Release|Any CPU
		{30B916F2-B816-444D-72A1-5107D9778C0C}.Debug|Any CPU.ActiveCfg = Debug|Any CPU
		{30B916F2-B816-444D-72A1-5107D9778C0C}.Debug|Any CPU.Build.0 = Debug|Any CPU
		{30B916F2-B816-444D-72A1-5107D9778C0C}.Release|Any CPU.ActiveCfg = Release|Any CPU
		{30B916F2-B816-444D-72A1-5107D9778C0C}.Release|Any CPU.Build.0 = Release|Any CPU
		{C12E9F4E-6624-B8A5-B9DC-1386FE3CDD26}.Debug|Any CPU.ActiveCfg = Debug|Any CPU
		{C12E9F4E-6624-B8A5-B9DC-1386FE3CDD26}.Debug|Any CPU.Build.0 = Debug|Any CPU
		{C12E9F4E-6624-B8A5-B9DC-1386FE3CDD26}.Release|Any CPU.ActiveCfg = Release|Any CPU
		{C12E9F4E-6624-B8A5-B9DC-1386FE3CDD26}.Release|Any CPU.Build.0 = Release|Any CPU
		{194A4ECB-BFC2-4B93-45F0-A6A4690EB533}.Debug|Any CPU.ActiveCfg = Debug|Any CPU
		{194A4ECB-BFC2-4B93-45F0-A6A4690EB533}.Debug|Any CPU.Build.0 = Debug|Any CPU
		{194A4ECB-BFC2-4B93-45F0-A6A4690EB533}.Release|Any CPU.ActiveCfg = Release|Any CPU
		{194A4ECB-BFC2-4B93-45F0-A6A4690EB533}.Release|Any CPU.Build.0 = Release|Any CPU
		{48535529-06F4-32DC-804A-BF0E59F9053D}.Debug|Any CPU.ActiveCfg = Debug|Any CPU
		{48535529-06F4-32DC-804A-BF0E59F9053D}.Debug|Any CPU.Build.0 = Debug|Any CPU
		{48535529-06F4-32DC-804A-BF0E59F9053D}.Release|Any CPU.ActiveCfg = Release|Any CPU
		{48535529-06F4-32DC-804A-BF0E59F9053D}.Release|Any CPU.Build.0 = Release|Any CPU
		{C0DA3C58-320F-931E-A7A6-D4712279051B}.Debug|Any CPU.ActiveCfg = Debug|Any CPU
		{C0DA3C58-320F-931E-A7A6-D4712279051B}.Debug|Any CPU.Build.0 = Debug|Any CPU
		{C0DA3C58-320F-931E-A7A6-D4712279051B}.Release|Any CPU.ActiveCfg = Release|Any CPU
		{C0DA3C58-320F-931E-A7A6-D4712279051B}.Release|Any CPU.Build.0 = Release|Any CPU
		{814C1D08-4C70-B70E-EF4E-C5CFF6181845}.Debug|Any CPU.ActiveCfg = Debug|Any CPU
		{814C1D08-4C70-B70E-EF4E-C5CFF6181845}.Debug|Any CPU.Build.0 = Debug|Any CPU
		{814C1D08-4C70-B70E-EF4E-C5CFF6181845}.Release|Any CPU.ActiveCfg = Release|Any CPU
		{814C1D08-4C70-B70E-EF4E-C5CFF6181845}.Release|Any CPU.Build.0 = Release|Any CPU
		{1C68AD57-5159-0F93-E274-50A38B650D76}.Debug|Any CPU.ActiveCfg = Debug|Any CPU
		{1C68AD57-5159-0F93-E274-50A38B650D76}.Debug|Any CPU.Build.0 = Debug|Any CPU
		{1C68AD57-5159-0F93-E274-50A38B650D76}.Release|Any CPU.ActiveCfg = Release|Any CPU
		{1C68AD57-5159-0F93-E274-50A38B650D76}.Release|Any CPU.Build.0 = Release|Any CPU
		{2BF05CBF-DC5A-B589-8F02-088361739BD3}.Debug|Any CPU.ActiveCfg = Debug|Any CPU
		{2BF05CBF-DC5A-B589-8F02-088361739BD3}.Debug|Any CPU.Build.0 = Debug|Any CPU
		{2BF05CBF-DC5A-B589-8F02-088361739BD3}.Release|Any CPU.ActiveCfg = Release|Any CPU
		{2BF05CBF-DC5A-B589-8F02-088361739BD3}.Release|Any CPU.Build.0 = Release|Any CPU
		{22C5D9F7-3153-DA77-06F1-9B4C05A07483}.Debug|Any CPU.ActiveCfg = Debug|Any CPU
		{22C5D9F7-3153-DA77-06F1-9B4C05A07483}.Debug|Any CPU.Build.0 = Debug|Any CPU
		{22C5D9F7-3153-DA77-06F1-9B4C05A07483}.Release|Any CPU.ActiveCfg = Release|Any CPU
		{22C5D9F7-3153-DA77-06F1-9B4C05A07483}.Release|Any CPU.Build.0 = Release|Any CPU
		{710701A5-05D0-FDC5-53F1-2A61C6BA95E7}.Debug|Any CPU.ActiveCfg = Debug|Any CPU
		{710701A5-05D0-FDC5-53F1-2A61C6BA95E7}.Debug|Any CPU.Build.0 = Debug|Any CPU
		{710701A5-05D0-FDC5-53F1-2A61C6BA95E7}.Release|Any CPU.ActiveCfg = Release|Any CPU
		{710701A5-05D0-FDC5-53F1-2A61C6BA95E7}.Release|Any CPU.Build.0 = Release|Any CPU
		{9EEE0435-28A3-09FE-07D5-CB1FE76B5096}.Debug|Any CPU.ActiveCfg = Debug|Any CPU
		{9EEE0435-28A3-09FE-07D5-CB1FE76B5096}.Debug|Any CPU.Build.0 = Debug|Any CPU
		{9EEE0435-28A3-09FE-07D5-CB1FE76B5096}.Release|Any CPU.ActiveCfg = Release|Any CPU
		{9EEE0435-28A3-09FE-07D5-CB1FE76B5096}.Release|Any CPU.Build.0 = Release|Any CPU
		{20693B56-12E1-6AA7-9E0C-219CF93884CA}.Debug|Any CPU.ActiveCfg = Debug|Any CPU
		{20693B56-12E1-6AA7-9E0C-219CF93884CA}.Debug|Any CPU.Build.0 = Debug|Any CPU
		{20693B56-12E1-6AA7-9E0C-219CF93884CA}.Release|Any CPU.ActiveCfg = Release|Any CPU
		{20693B56-12E1-6AA7-9E0C-219CF93884CA}.Release|Any CPU.Build.0 = Release|Any CPU
		{D05FE9C6-58A6-C08B-0125-46780579ABB8}.Debug|Any CPU.ActiveCfg = Debug|Any CPU
		{D05FE9C6-58A6-C08B-0125-46780579ABB8}.Debug|Any CPU.Build.0 = Debug|Any CPU
		{D05FE9C6-58A6-C08B-0125-46780579ABB8}.Release|Any CPU.ActiveCfg = Release|Any CPU
		{D05FE9C6-58A6-C08B-0125-46780579ABB8}.Release|Any CPU.Build.0 = Release|Any CPU
		{03AC1A03-E186-7F86-B9C6-2CFC1FE98008}.Debug|Any CPU.ActiveCfg = Debug|Any CPU
		{03AC1A03-E186-7F86-B9C6-2CFC1FE98008}.Debug|Any CPU.Build.0 = Debug|Any CPU
		{03AC1A03-E186-7F86-B9C6-2CFC1FE98008}.Release|Any CPU.ActiveCfg = Release|Any CPU
		{03AC1A03-E186-7F86-B9C6-2CFC1FE98008}.Release|Any CPU.Build.0 = Release|Any CPU
		{DC886BA2-0EA4-E2FB-AF1E-0EFE7CE3CF7B}.Debug|Any CPU.ActiveCfg = Debug|Any CPU
		{DC886BA2-0EA4-E2FB-AF1E-0EFE7CE3CF7B}.Debug|Any CPU.Build.0 = Debug|Any CPU
		{DC886BA2-0EA4-E2FB-AF1E-0EFE7CE3CF7B}.Release|Any CPU.ActiveCfg = Release|Any CPU
		{DC886BA2-0EA4-E2FB-AF1E-0EFE7CE3CF7B}.Release|Any CPU.Build.0 = Release|Any CPU
		{CE29AA94-DE76-F5FC-29F9-FE7D2AD9F767}.Debug|Any CPU.ActiveCfg = Debug|Any CPU
		{CE29AA94-DE76-F5FC-29F9-FE7D2AD9F767}.Debug|Any CPU.Build.0 = Debug|Any CPU
		{CE29AA94-DE76-F5FC-29F9-FE7D2AD9F767}.Release|Any CPU.ActiveCfg = Release|Any CPU
		{CE29AA94-DE76-F5FC-29F9-FE7D2AD9F767}.Release|Any CPU.Build.0 = Release|Any CPU
		{F6F77307-EDCC-2805-4861-D8DBE9B49300}.Debug|Any CPU.ActiveCfg = Debug|Any CPU
		{F6F77307-EDCC-2805-4861-D8DBE9B49300}.Debug|Any CPU.Build.0 = Debug|Any CPU
		{F6F77307-EDCC-2805-4861-D8DBE9B49300}.Release|Any CPU.ActiveCfg = Release|Any CPU
		{F6F77307-EDCC-2805-4861-D8DBE9B49300}.Release|Any CPU.Build.0 = Release|Any CPU
		{CE3480A1-F0D8-E60C-A026-BC00CF4707FF}.Debug|Any CPU.ActiveCfg = Debug|Any CPU
		{CE3480A1-F0D8-E60C-A026-BC00CF4707FF}.Debug|Any CPU.Build.0 = Debug|Any CPU
		{CE3480A1-F0D8-E60C-A026-BC00CF4707FF}.Release|Any CPU.ActiveCfg = Release|Any CPU
		{CE3480A1-F0D8-E60C-A026-BC00CF4707FF}.Release|Any CPU.Build.0 = Release|Any CPU
		{61E5CBDE-7423-383B-EE62-26AB396B04F8}.Debug|Any CPU.ActiveCfg = Debug|Any CPU
		{61E5CBDE-7423-383B-EE62-26AB396B04F8}.Debug|Any CPU.Build.0 = Debug|Any CPU
		{61E5CBDE-7423-383B-EE62-26AB396B04F8}.Release|Any CPU.ActiveCfg = Release|Any CPU
		{61E5CBDE-7423-383B-EE62-26AB396B04F8}.Release|Any CPU.Build.0 = Release|Any CPU
		{2E33F3C2-5DDA-B4B0-3B69-48067682C845}.Debug|Any CPU.ActiveCfg = Debug|Any CPU
		{2E33F3C2-5DDA-B4B0-3B69-48067682C845}.Debug|Any CPU.Build.0 = Debug|Any CPU
		{2E33F3C2-5DDA-B4B0-3B69-48067682C845}.Release|Any CPU.ActiveCfg = Release|Any CPU
		{2E33F3C2-5DDA-B4B0-3B69-48067682C845}.Release|Any CPU.Build.0 = Release|Any CPU
		{5F83A382-F357-2A2C-B5A4-FA3DE337FEB0}.Debug|Any CPU.ActiveCfg = Debug|Any CPU
		{5F83A382-F357-2A2C-B5A4-FA3DE337FEB0}.Debug|Any CPU.Build.0 = Debug|Any CPU
		{5F83A382-F357-2A2C-B5A4-FA3DE337FEB0}.Release|Any CPU.ActiveCfg = Release|Any CPU
		{5F83A382-F357-2A2C-B5A4-FA3DE337FEB0}.Release|Any CPU.Build.0 = Release|Any CPU
		{F1931E50-E8DB-6F73-42CE-1CF8087C1C06}.Debug|Any CPU.ActiveCfg = Debug|Any CPU
		{F1931E50-E8DB-6F73-42CE-1CF8087C1C06}.Debug|Any CPU.Build.0 = Debug|Any CPU
		{F1931E50-E8DB-6F73-42CE-1CF8087C1C06}.Release|Any CPU.ActiveCfg = Release|Any CPU
		{F1931E50-E8DB-6F73-42CE-1CF8087C1C06}.Release|Any CPU.Build.0 = Release|Any CPU
		{45794103-1BC9-879A-F0D1-8DCEAAC82060}.Debug|Any CPU.ActiveCfg = Debug|Any CPU
		{45794103-1BC9-879A-F0D1-8DCEAAC82060}.Debug|Any CPU.Build.0 = Debug|Any CPU
		{45794103-1BC9-879A-F0D1-8DCEAAC82060}.Release|Any CPU.ActiveCfg = Release|Any CPU
		{45794103-1BC9-879A-F0D1-8DCEAAC82060}.Release|Any CPU.Build.0 = Release|Any CPU
		{8ED7D277-30DD-1AB9-FFF8-4F365372F63A}.Debug|Any CPU.ActiveCfg = Debug|Any CPU
		{8ED7D277-30DD-1AB9-FFF8-4F365372F63A}.Debug|Any CPU.Build.0 = Debug|Any CPU
		{8ED7D277-30DD-1AB9-FFF8-4F365372F63A}.Release|Any CPU.ActiveCfg = Release|Any CPU
		{8ED7D277-30DD-1AB9-FFF8-4F365372F63A}.Release|Any CPU.Build.0 = Release|Any CPU
		{1AB953A7-9A35-FE5F-5ED9-E7B2D5B591AA}.Debug|Any CPU.ActiveCfg = Debug|Any CPU
		{1AB953A7-9A35-FE5F-5ED9-E7B2D5B591AA}.Debug|Any CPU.Build.0 = Debug|Any CPU
		{1AB953A7-9A35-FE5F-5ED9-E7B2D5B591AA}.Release|Any CPU.ActiveCfg = Release|Any CPU
		{1AB953A7-9A35-FE5F-5ED9-E7B2D5B591AA}.Release|Any CPU.Build.0 = Release|Any CPU
		{486954A4-70F4-EECF-742C-6B8DA135251D}.Debug|Any CPU.ActiveCfg = Debug|Any CPU
		{486954A4-70F4-EECF-742C-6B8DA135251D}.Debug|Any CPU.Build.0 = Debug|Any CPU
		{486954A4-70F4-EECF-742C-6B8DA135251D}.Release|Any CPU.ActiveCfg = Release|Any CPU
		{486954A4-70F4-EECF-742C-6B8DA135251D}.Release|Any CPU.Build.0 = Release|Any CPU
		{54E12D10-8660-BA0A-2625-E248715BB1FB}.Debug|Any CPU.ActiveCfg = Debug|Any CPU
		{54E12D10-8660-BA0A-2625-E248715BB1FB}.Debug|Any CPU.Build.0 = Debug|Any CPU
		{54E12D10-8660-BA0A-2625-E248715BB1FB}.Release|Any CPU.ActiveCfg = Release|Any CPU
		{54E12D10-8660-BA0A-2625-E248715BB1FB}.Release|Any CPU.Build.0 = Release|Any CPU
		{D3A1C5FC-6B6C-3448-06DD-6BE289E81C0D}.Debug|Any CPU.ActiveCfg = Debug|Any CPU
		{D3A1C5FC-6B6C-3448-06DD-6BE289E81C0D}.Debug|Any CPU.Build.0 = Debug|Any CPU
		{D3A1C5FC-6B6C-3448-06DD-6BE289E81C0D}.Release|Any CPU.ActiveCfg = Release|Any CPU
		{D3A1C5FC-6B6C-3448-06DD-6BE289E81C0D}.Release|Any CPU.Build.0 = Release|Any CPU
		{004E4360-8857-E77E-9055-0B74F6B4CB2A}.Debug|Any CPU.ActiveCfg = Debug|Any CPU
		{004E4360-8857-E77E-9055-0B74F6B4CB2A}.Debug|Any CPU.Build.0 = Debug|Any CPU
		{004E4360-8857-E77E-9055-0B74F6B4CB2A}.Release|Any CPU.ActiveCfg = Release|Any CPU
		{004E4360-8857-E77E-9055-0B74F6B4CB2A}.Release|Any CPU.Build.0 = Release|Any CPU
		{C256D53A-F09A-F88C-67E2-226F1D36F4E6}.Debug|Any CPU.ActiveCfg = Debug|Any CPU
		{C256D53A-F09A-F88C-67E2-226F1D36F4E6}.Debug|Any CPU.Build.0 = Debug|Any CPU
		{C256D53A-F09A-F88C-67E2-226F1D36F4E6}.Release|Any CPU.ActiveCfg = Release|Any CPU
		{C256D53A-F09A-F88C-67E2-226F1D36F4E6}.Release|Any CPU.Build.0 = Release|Any CPU
		{D354C6CF-A301-D500-9570-7CCABD1C26DF}.Debug|Any CPU.ActiveCfg = Debug|Any CPU
		{D354C6CF-A301-D500-9570-7CCABD1C26DF}.Debug|Any CPU.Build.0 = Debug|Any CPU
		{D354C6CF-A301-D500-9570-7CCABD1C26DF}.Release|Any CPU.ActiveCfg = Release|Any CPU
		{D354C6CF-A301-D500-9570-7CCABD1C26DF}.Release|Any CPU.Build.0 = Release|Any CPU
		{7500E298-C5A8-0ED0-1CAD-E52C7B07EBAB}.Debug|Any CPU.ActiveCfg = Debug|Any CPU
		{7500E298-C5A8-0ED0-1CAD-E52C7B07EBAB}.Debug|Any CPU.Build.0 = Debug|Any CPU
		{7500E298-C5A8-0ED0-1CAD-E52C7B07EBAB}.Release|Any CPU.ActiveCfg = Release|Any CPU
		{7500E298-C5A8-0ED0-1CAD-E52C7B07EBAB}.Release|Any CPU.Build.0 = Release|Any CPU
		{B9963871-D18E-13F1-40C9-6E7EF4762044}.Debug|Any CPU.ActiveCfg = Debug|Any CPU
		{B9963871-D18E-13F1-40C9-6E7EF4762044}.Debug|Any CPU.Build.0 = Debug|Any CPU
		{B9963871-D18E-13F1-40C9-6E7EF4762044}.Release|Any CPU.ActiveCfg = Release|Any CPU
		{B9963871-D18E-13F1-40C9-6E7EF4762044}.Release|Any CPU.Build.0 = Release|Any CPU
		{D018B069-E164-0847-FE31-E39283834A46}.Debug|Any CPU.ActiveCfg = Debug|Any CPU
		{D018B069-E164-0847-FE31-E39283834A46}.Debug|Any CPU.Build.0 = Debug|Any CPU
		{D018B069-E164-0847-FE31-E39283834A46}.Release|Any CPU.ActiveCfg = Release|Any CPU
		{D018B069-E164-0847-FE31-E39283834A46}.Release|Any CPU.Build.0 = Release|Any CPU
		{C93224AA-28A8-FA4D-AD43-E92C7F8C51E7}.Debug|Any CPU.ActiveCfg = Debug|Any CPU
		{C93224AA-28A8-FA4D-AD43-E92C7F8C51E7}.Debug|Any CPU.Build.0 = Debug|Any CPU
		{C93224AA-28A8-FA4D-AD43-E92C7F8C51E7}.Release|Any CPU.ActiveCfg = Release|Any CPU
		{C93224AA-28A8-FA4D-AD43-E92C7F8C51E7}.Release|Any CPU.Build.0 = Release|Any CPU
		{665E7D3B-42FA-6061-478D-206F59A02D54}.Debug|Any CPU.ActiveCfg = Debug|Any CPU
		{665E7D3B-42FA-6061-478D-206F59A02D54}.Debug|Any CPU.Build.0 = Debug|Any CPU
		{665E7D3B-42FA-6061-478D-206F59A02D54}.Release|Any CPU.ActiveCfg = Release|Any CPU
		{665E7D3B-42FA-6061-478D-206F59A02D54}.Release|Any CPU.Build.0 = Release|Any CPU
		{23FAD9BD-73BC-9B5A-41CB-986E7332D00E}.Debug|Any CPU.ActiveCfg = Debug|Any CPU
		{23FAD9BD-73BC-9B5A-41CB-986E7332D00E}.Debug|Any CPU.Build.0 = Debug|Any CPU
		{23FAD9BD-73BC-9B5A-41CB-986E7332D00E}.Release|Any CPU.ActiveCfg = Release|Any CPU
		{23FAD9BD-73BC-9B5A-41CB-986E7332D00E}.Release|Any CPU.Build.0 = Release|Any CPU
		{A0758F47-F509-2E2E-B512-75B3BEEF511A}.Debug|Any CPU.ActiveCfg = Debug|Any CPU
		{A0758F47-F509-2E2E-B512-75B3BEEF511A}.Debug|Any CPU.Build.0 = Debug|Any CPU
		{A0758F47-F509-2E2E-B512-75B3BEEF511A}.Release|Any CPU.ActiveCfg = Release|Any CPU
		{A0758F47-F509-2E2E-B512-75B3BEEF511A}.Release|Any CPU.Build.0 = Release|Any CPU
		{23998703-C268-D0FC-FF19-3AEB106CE707}.Debug|Any CPU.ActiveCfg = Debug|Any CPU
		{23998703-C268-D0FC-FF19-3AEB106CE707}.Debug|Any CPU.Build.0 = Debug|Any CPU
		{23998703-C268-D0FC-FF19-3AEB106CE707}.Release|Any CPU.ActiveCfg = Release|Any CPU
		{23998703-C268-D0FC-FF19-3AEB106CE707}.Release|Any CPU.Build.0 = Release|Any CPU
		{067CEEE1-1883-CB08-E42E-54503D3B274C}.Debug|Any CPU.ActiveCfg = Debug|Any CPU
		{067CEEE1-1883-CB08-E42E-54503D3B274C}.Debug|Any CPU.Build.0 = Debug|Any CPU
		{067CEEE1-1883-CB08-E42E-54503D3B274C}.Release|Any CPU.ActiveCfg = Release|Any CPU
		{067CEEE1-1883-CB08-E42E-54503D3B274C}.Release|Any CPU.Build.0 = Release|Any CPU
		{7F0620EA-71F5-9096-71F4-1B2C7EAD4CF7}.Debug|Any CPU.ActiveCfg = Debug|Any CPU
		{7F0620EA-71F5-9096-71F4-1B2C7EAD4CF7}.Debug|Any CPU.Build.0 = Debug|Any CPU
		{7F0620EA-71F5-9096-71F4-1B2C7EAD4CF7}.Release|Any CPU.ActiveCfg = Release|Any CPU
		{7F0620EA-71F5-9096-71F4-1B2C7EAD4CF7}.Release|Any CPU.Build.0 = Release|Any CPU
		{D054138B-000F-5515-FD4C-D1F914E2EE5B}.Debug|Any CPU.ActiveCfg = Debug|Any CPU
		{D054138B-000F-5515-FD4C-D1F914E2EE5B}.Debug|Any CPU.Build.0 = Debug|Any CPU
		{D054138B-000F-5515-FD4C-D1F914E2EE5B}.Release|Any CPU.ActiveCfg = Release|Any CPU
		{D054138B-000F-5515-FD4C-D1F914E2EE5B}.Release|Any CPU.Build.0 = Release|Any CPU
		{AA56E763-8BF9-D7F3-47D5-C5BB8E98B9F3}.Debug|Any CPU.ActiveCfg = Debug|Any CPU
		{AA56E763-8BF9-D7F3-47D5-C5BB8E98B9F3}.Debug|Any CPU.Build.0 = Debug|Any CPU
		{AA56E763-8BF9-D7F3-47D5-C5BB8E98B9F3}.Release|Any CPU.ActiveCfg = Release|Any CPU
		{AA56E763-8BF9-D7F3-47D5-C5BB8E98B9F3}.Release|Any CPU.Build.0 = Release|Any CPU
		{7515D9CF-10F8-0738-8401-147FD3D4174B}.Debug|Any CPU.ActiveCfg = Debug|Any CPU
		{7515D9CF-10F8-0738-8401-147FD3D4174B}.Debug|Any CPU.Build.0 = Debug|Any CPU
		{7515D9CF-10F8-0738-8401-147FD3D4174B}.Release|Any CPU.ActiveCfg = Release|Any CPU
		{7515D9CF-10F8-0738-8401-147FD3D4174B}.Release|Any CPU.Build.0 = Release|Any CPU
		{9F5B8BBE-461A-9C61-625D-33DE5254EE25}.Debug|Any CPU.ActiveCfg = Debug|Any CPU
		{9F5B8BBE-461A-9C61-625D-33DE5254EE25}.Debug|Any CPU.Build.0 = Debug|Any CPU
		{9F5B8BBE-461A-9C61-625D-33DE5254EE25}.Release|Any CPU.ActiveCfg = Release|Any CPU
		{9F5B8BBE-461A-9C61-625D-33DE5254EE25}.Release|Any CPU.Build.0 = Release|Any CPU
		{5FDB89A7-7C9F-CDC5-F48B-CA826165F7BA}.Debug|Any CPU.ActiveCfg = Debug|Any CPU
		{5FDB89A7-7C9F-CDC5-F48B-CA826165F7BA}.Debug|Any CPU.Build.0 = Debug|Any CPU
		{5FDB89A7-7C9F-CDC5-F48B-CA826165F7BA}.Release|Any CPU.ActiveCfg = Release|Any CPU
		{5FDB89A7-7C9F-CDC5-F48B-CA826165F7BA}.Release|Any CPU.Build.0 = Release|Any CPU
		{41E421E4-B4E7-BB61-82DF-7E2282D5193B}.Debug|Any CPU.ActiveCfg = Debug|Any CPU
		{41E421E4-B4E7-BB61-82DF-7E2282D5193B}.Debug|Any CPU.Build.0 = Debug|Any CPU
		{41E421E4-B4E7-BB61-82DF-7E2282D5193B}.Release|Any CPU.ActiveCfg = Release|Any CPU
		{41E421E4-B4E7-BB61-82DF-7E2282D5193B}.Release|Any CPU.Build.0 = Release|Any CPU
		{DD210D1F-F29B-033F-2A1F-AEFF92EC8E8B}.Debug|Any CPU.ActiveCfg = Debug|Any CPU
		{DD210D1F-F29B-033F-2A1F-AEFF92EC8E8B}.Debug|Any CPU.Build.0 = Debug|Any CPU
		{DD210D1F-F29B-033F-2A1F-AEFF92EC8E8B}.Release|Any CPU.ActiveCfg = Release|Any CPU
		{DD210D1F-F29B-033F-2A1F-AEFF92EC8E8B}.Release|Any CPU.Build.0 = Release|Any CPU
		{F52EF4A5-2C22-F454-6FBE-4BBCD942E07A}.Debug|Any CPU.ActiveCfg = Debug|Any CPU
		{F52EF4A5-2C22-F454-6FBE-4BBCD942E07A}.Debug|Any CPU.Build.0 = Debug|Any CPU
		{F52EF4A5-2C22-F454-6FBE-4BBCD942E07A}.Release|Any CPU.ActiveCfg = Release|Any CPU
		{F52EF4A5-2C22-F454-6FBE-4BBCD942E07A}.Release|Any CPU.Build.0 = Release|Any CPU
		{E7C3BE6D-F468-E033-F381-5CC2DBC22D9F}.Debug|Any CPU.ActiveCfg = Debug|Any CPU
		{E7C3BE6D-F468-E033-F381-5CC2DBC22D9F}.Debug|Any CPU.Build.0 = Debug|Any CPU
		{E7C3BE6D-F468-E033-F381-5CC2DBC22D9F}.Release|Any CPU.ActiveCfg = Release|Any CPU
		{E7C3BE6D-F468-E033-F381-5CC2DBC22D9F}.Release|Any CPU.Build.0 = Release|Any CPU
		{6510D882-40F2-B818-54BC-689DEC3E1F90}.Debug|Any CPU.ActiveCfg = Debug|Any CPU
		{6510D882-40F2-B818-54BC-689DEC3E1F90}.Debug|Any CPU.Build.0 = Debug|Any CPU
		{6510D882-40F2-B818-54BC-689DEC3E1F90}.Release|Any CPU.ActiveCfg = Release|Any CPU
		{6510D882-40F2-B818-54BC-689DEC3E1F90}.Release|Any CPU.Build.0 = Release|Any CPU
		{EE32BE4E-0ECA-A74F-19D6-CD77A07C963B}.Debug|Any CPU.ActiveCfg = Debug|Any CPU
		{EE32BE4E-0ECA-A74F-19D6-CD77A07C963B}.Debug|Any CPU.Build.0 = Debug|Any CPU
		{EE32BE4E-0ECA-A74F-19D6-CD77A07C963B}.Release|Any CPU.ActiveCfg = Release|Any CPU
		{EE32BE4E-0ECA-A74F-19D6-CD77A07C963B}.Release|Any CPU.Build.0 = Release|Any CPU
		{52900EFD-8235-35D5-3C69-AD6C326DC11C}.Debug|Any CPU.ActiveCfg = Debug|Any CPU
		{52900EFD-8235-35D5-3C69-AD6C326DC11C}.Debug|Any CPU.Build.0 = Debug|Any CPU
		{52900EFD-8235-35D5-3C69-AD6C326DC11C}.Release|Any CPU.ActiveCfg = Release|Any CPU
		{52900EFD-8235-35D5-3C69-AD6C326DC11C}.Release|Any CPU.Build.0 = Release|Any CPU
	EndGlobalSection
	GlobalSection(SolutionProperties) = preSolution
		HideSolutionNode = FALSE
	EndGlobalSection
	GlobalSection(NestedProjects) = preSolution
		{042BD67A-A545-DD7E-3CBC-E69AB18A455F} = {A15A72F4-6FCE-B8DE-A32E-30748957C0CF}
		{49DCE9A1-1834-EBB5-238B-E13353B3B644} = {7FA134A9-E91D-79AF-3A1E-9C4D91D410FE}
		{B0338B57-8DBE-F99E-0EA7-E1A8C87B1357} = {49DCE9A1-1834-EBB5-238B-E13353B3B644}
		{FFC2B09E-CCC1-8C35-9B24-8C848775327C} = {7FA134A9-E91D-79AF-3A1E-9C4D91D410FE}
		{5B78550A-52D1-C527-83D5-03E9657F867B} = {FFC2B09E-CCC1-8C35-9B24-8C848775327C}
		{BD453492-6061-9AD2-B489-B89046B1ABAC} = {7FA134A9-E91D-79AF-3A1E-9C4D91D410FE}
		{A16668E8-3F43-F672-105D-469E42E6DC32} = {BD453492-6061-9AD2-B489-B89046B1ABAC}
		{3D024687-B02F-7352-46AA-0C5F5525E591} = {7FA134A9-E91D-79AF-3A1E-9C4D91D410FE}
		{864AC1D2-4D48-3479-EAFD-94DD8A3C3AA7} = {3D024687-B02F-7352-46AA-0C5F5525E591}
		{CACBD041-E139-5B9C-A0D5-2086FFA8F95E} = {7FA134A9-E91D-79AF-3A1E-9C4D91D410FE}
		{77CA8507-463E-5A45-C0BE-324161A67721} = {CACBD041-E139-5B9C-A0D5-2086FFA8F95E}
		{CA83E152-E2F1-1698-80FA-4DAAE7D89632} = {7FA134A9-E91D-79AF-3A1E-9C4D91D410FE}
		{3F44D6F7-21AB-8AAD-EF92-6EDF07F23B7C} = {CA83E152-E2F1-1698-80FA-4DAAE7D89632}
		{75C34E34-2F52-EEF4-D4B2-C0641862DCD9} = {7FA134A9-E91D-79AF-3A1E-9C4D91D410FE}
		{B35E01B9-1ED9-A49A-D421-AC8BA95CC9B1} = {75C34E34-2F52-EEF4-D4B2-C0641862DCD9}
		{B9D370A8-A51F-F25C-102D-838DE21ECACA} = {7FA134A9-E91D-79AF-3A1E-9C4D91D410FE}
		{837E5DC7-F987-9B2F-E138-F3DA230B9FBF} = {B9D370A8-A51F-F25C-102D-838DE21ECACA}
		{8CD05DD1-F294-6818-57A5-0DDA3421492C} = {7FA134A9-E91D-79AF-3A1E-9C4D91D410FE}
		{D2423DB8-B6D1-B323-4EBD-ACC8322D0919} = {8CD05DD1-F294-6818-57A5-0DDA3421492C}
		{C9CC3640-EC73-8AF8-9A2D-0EB5A863B351} = {7FA134A9-E91D-79AF-3A1E-9C4D91D410FE}
		{CA4A0781-EF98-C4EF-99D9-3D4E0FE3C4FA} = {C9CC3640-EC73-8AF8-9A2D-0EB5A863B351}
		{65904B9B-7913-0DED-6F3A-3B552AACB4E8} = {7FA134A9-E91D-79AF-3A1E-9C4D91D410FE}
		{5EBF0102-012B-A053-36A5-B719AC72A17B} = {65904B9B-7913-0DED-6F3A-3B552AACB4E8}
		{6566F9B7-24FC-AB11-1D0B-D3AB5CAA8FBD} = {7FA134A9-E91D-79AF-3A1E-9C4D91D410FE}
		{BD74CD7A-2640-57BB-B79B-8C578E5305BE} = {6566F9B7-24FC-AB11-1D0B-D3AB5CAA8FBD}
		{00E2E483-D09B-2DA5-B586-E45370FFECA7} = {7FA134A9-E91D-79AF-3A1E-9C4D91D410FE}
		{B205E537-9CD6-496C-5845-C5D54C6A85D9} = {00E2E483-D09B-2DA5-B586-E45370FFECA7}
		{3F1D7C04-9E65-8C44-7F28-89AFD59E80DE} = {7FA134A9-E91D-79AF-3A1E-9C4D91D410FE}
		{6D39DC4C-6303-6872-385C-A6765443242C} = {3F1D7C04-9E65-8C44-7F28-89AFD59E80DE}
		{C685A296-2B86-BEBF-FD54-8036A4515850} = {7FA134A9-E91D-79AF-3A1E-9C4D91D410FE}
		{01E84A14-6590-A469-DF8E-BFD72DBD3DC3} = {C685A296-2B86-BEBF-FD54-8036A4515850}
		{158315AA-9762-6463-B2F4-73F8365D5C11} = {7FA134A9-E91D-79AF-3A1E-9C4D91D410FE}
		{CDB5C975-7FA1-63CD-6015-8154E041F612} = {158315AA-9762-6463-B2F4-73F8365D5C11}
		{D02476A1-621B-DABB-074B-F14E8194287C} = {7FA134A9-E91D-79AF-3A1E-9C4D91D410FE}
		{F7747AF1-B2C8-DF1D-29C5-26BDFCE4CA53} = {D02476A1-621B-DABB-074B-F14E8194287C}
		{0305BDD2-B991-BE51-8A2B-C913ECC0898E} = {7FA134A9-E91D-79AF-3A1E-9C4D91D410FE}
		{785B3705-0BDF-27BA-97E1-8F788B761FFC} = {0305BDD2-B991-BE51-8A2B-C913ECC0898E}
		{38069E0F-7870-DF37-C16B-E80A76DC5D98} = {7FA134A9-E91D-79AF-3A1E-9C4D91D410FE}
		{883FCA74-0920-309F-DF3F-75BEC2FB184D} = {38069E0F-7870-DF37-C16B-E80A76DC5D98}
		{8CB67758-0046-4620-2567-00FE8E585D8A} = {7FA134A9-E91D-79AF-3A1E-9C4D91D410FE}
		{B5A03E37-F1BB-5CAC-E6C5-14822618E227} = {8CB67758-0046-4620-2567-00FE8E585D8A}
		{6570CF6A-8AC0-01DB-303F-C20E9AF1D7BF} = {7FA134A9-E91D-79AF-3A1E-9C4D91D410FE}
		{C3C02310-858C-2487-976E-4FABEF1EB64B} = {6570CF6A-8AC0-01DB-303F-C20E9AF1D7BF}
		{A8320C33-D92F-3E65-4BEA-E1DFFC8A5ACC} = {7FA134A9-E91D-79AF-3A1E-9C4D91D410FE}
		{020FD142-A52F-34D2-6576-A5911CBCA584} = {A8320C33-D92F-3E65-4BEA-E1DFFC8A5ACC}
		{45FC8A9D-6AEF-575F-D95E-7F4D0144FDD3} = {A8320C33-D92F-3E65-4BEA-E1DFFC8A5ACC}
		{E6E98211-C1FB-2E99-489F-65B3B68992A3} = {7FA134A9-E91D-79AF-3A1E-9C4D91D410FE}
		{2223D6A2-E496-A6B9-3CD9-637D6A61394D} = {E6E98211-C1FB-2E99-489F-65B3B68992A3}
		{8E4D56FE-AD30-8284-9280-77004E989D2D} = {7FA134A9-E91D-79AF-3A1E-9C4D91D410FE}
		{C468F1C3-2365-A95C-49BA-534758C87AA4} = {8E4D56FE-AD30-8284-9280-77004E989D2D}
		{F3EFA9E5-76E6-9BE5-AB26-54D82FC161A8} = {7FA134A9-E91D-79AF-3A1E-9C4D91D410FE}
		{F7C20710-5C3B-15E4-E513-60F1B63BE9D9} = {F3EFA9E5-76E6-9BE5-AB26-54D82FC161A8}
		{FD4E66C4-B4F3-ADF6-B8A5-689CA5640391} = {7FA134A9-E91D-79AF-3A1E-9C4D91D410FE}
		{94D2689E-C249-624B-EA2F-5672121748BB} = {FD4E66C4-B4F3-ADF6-B8A5-689CA5640391}
		{FF03A180-C693-B12D-C636-9063AF040660} = {7FA134A9-E91D-79AF-3A1E-9C4D91D410FE}
		{94763C32-955D-17E3-5648-831BC5743293} = {FF03A180-C693-B12D-C636-9063AF040660}
		{CDA33C13-649C-EDF4-41E3-7A3307692C2F} = {7FA134A9-E91D-79AF-3A1E-9C4D91D410FE}
		{FF12D27D-2C08-949E-A509-BA5E2173F3EF} = {CDA33C13-649C-EDF4-41E3-7A3307692C2F}
		{7B6D7EE2-99F6-0BC0-DF9F-FE577856B743} = {7FA134A9-E91D-79AF-3A1E-9C4D91D410FE}
		{85972235-D298-5336-385A-EDBB13D8B107} = {7B6D7EE2-99F6-0BC0-DF9F-FE577856B743}
		{F967F541-FC8D-4425-1E3F-FC778B35FA2B} = {7FA134A9-E91D-79AF-3A1E-9C4D91D410FE}
		{1AC8DB01-C009-C8EA-F2C6-53F4C67B11B8} = {F967F541-FC8D-4425-1E3F-FC778B35FA2B}
		{A84871FE-E6AA-17EB-8CA6-92FF2E32F36F} = {7FA134A9-E91D-79AF-3A1E-9C4D91D410FE}
		{3C93BC4C-A212-9773-F31E-EA40DC548458} = {A84871FE-E6AA-17EB-8CA6-92FF2E32F36F}
		{333544D6-19E6-3B5E-9494-6123AAA519B7} = {7FA134A9-E91D-79AF-3A1E-9C4D91D410FE}
		{A87C1209-E0A4-CE9C-FF2C-787234A6BF19} = {333544D6-19E6-3B5E-9494-6123AAA519B7}
		{ECAB0890-4913-3AE5-6634-0EFCDB1C0B57} = {7FA134A9-E91D-79AF-3A1E-9C4D91D410FE}
		{7256CF48-73DA-EE71-9206-206C49A8BAB2} = {ECAB0890-4913-3AE5-6634-0EFCDB1C0B57}
		{B87B529E-17D1-5B88-4157-7B9F2EFF942F} = {7FA134A9-E91D-79AF-3A1E-9C4D91D410FE}
		{14681106-7B7A-30CF-794A-F91353AC48EC} = {B87B529E-17D1-5B88-4157-7B9F2EFF942F}
		{4169D219-1210-0BC5-F979-7E0378915EFB} = {7FA134A9-E91D-79AF-3A1E-9C4D91D410FE}
		{05865B7C-8495-B461-10E6-ED8A09486A4D} = {4169D219-1210-0BC5-F979-7E0378915EFB}
		{D1CE22C0-8DE8-CEF6-1F59-2E67A449E196} = {7FA134A9-E91D-79AF-3A1E-9C4D91D410FE}
		{98EC03AB-E9E9-DFD8-9541-9D70F4F129C6} = {D1CE22C0-8DE8-CEF6-1F59-2E67A449E196}
		{E6FD7A7F-A63D-CD9C-FBC4-09495130EFAB} = {7FA134A9-E91D-79AF-3A1E-9C4D91D410FE}
		{75805F94-C9ED-437C-981A-91196FCBCB78} = {E6FD7A7F-A63D-CD9C-FBC4-09495130EFAB}
		{6E53CDCC-5A70-065E-CCB9-935410FF2100} = {7FA134A9-E91D-79AF-3A1E-9C4D91D410FE}
		{AD76E335-D7BD-D858-BB8D-D3860C5A7B31} = {6E53CDCC-5A70-065E-CCB9-935410FF2100}
		{723431F5-7460-506E-0578-C99C85A92ABB} = {7FA134A9-E91D-79AF-3A1E-9C4D91D410FE}
		{8D44A89B-C02A-17DB-EB18-52593BE72C3E} = {723431F5-7460-506E-0578-C99C85A92ABB}
		{F7A3BEAB-929F-26AA-94A6-81EC5986BEF2} = {7FA134A9-E91D-79AF-3A1E-9C4D91D410FE}
		{72C1E3C6-9BA8-7807-B94D-9F38B8E2AB30} = {F7A3BEAB-929F-26AA-94A6-81EC5986BEF2}
		{53EE0BA0-4705-DE98-4615-7F0A479BA653} = {7FA134A9-E91D-79AF-3A1E-9C4D91D410FE}
		{369F1C4B-D80A-2CB1-718D-2D6360EBAFDD} = {53EE0BA0-4705-DE98-4615-7F0A479BA653}
		{D7647A7D-4A03-95DE-153F-C911DF2A87FD} = {7FA134A9-E91D-79AF-3A1E-9C4D91D410FE}
		{C1F71681-00F3-480D-52A6-191480AECE95} = {D7647A7D-4A03-95DE-153F-C911DF2A87FD}
		{8F82B591-515A-22DE-BD6B-988E173BB068} = {7FA134A9-E91D-79AF-3A1E-9C4D91D410FE}
		{06E7FF36-9BE8-B261-F580-F73E08E5A770} = {8F82B591-515A-22DE-BD6B-988E173BB068}
		{54B87D6B-D593-AA14-EF0C-BDA7BD0695D6} = {7FA134A9-E91D-79AF-3A1E-9C4D91D410FE}
		{E4A41FFA-527C-286F-9864-84B4DC184C4A} = {54B87D6B-D593-AA14-EF0C-BDA7BD0695D6}
		{A60EA1AE-361C-DD7D-8826-ED298672DAB1} = {7FA134A9-E91D-79AF-3A1E-9C4D91D410FE}
		{4E5B3217-FC59-7C1D-6E2B-E66A84AC3E00} = {A60EA1AE-361C-DD7D-8826-ED298672DAB1}
		{51C8127E-8C5E-7EC0-978D-73C1426826A9} = {7FA134A9-E91D-79AF-3A1E-9C4D91D410FE}
		{81C5DD98-3AEE-E723-4031-AD027C37CD0E} = {51C8127E-8C5E-7EC0-978D-73C1426826A9}
		{A9A126C9-EEED-E225-6A03-C2F13EDEF4FB} = {7FA134A9-E91D-79AF-3A1E-9C4D91D410FE}
		{7806217A-52C2-0940-F88D-944225EC0125} = {A9A126C9-EEED-E225-6A03-C2F13EDEF4FB}
		{D5172182-DE4C-DF57-5E42-4FF86B0A8271} = {7FA134A9-E91D-79AF-3A1E-9C4D91D410FE}
		{651DB076-6101-A134-DA9E-B674FB739136} = {D5172182-DE4C-DF57-5E42-4FF86B0A8271}
		{BE204E74-7BB3-1608-2A83-AB4C421CBE8D} = {7FA134A9-E91D-79AF-3A1E-9C4D91D410FE}
		{D346ADD0-7A04-B9A5-5A95-2D7B4F49CB49} = {BE204E74-7BB3-1608-2A83-AB4C421CBE8D}
		{B2B6C010-55B5-37CC-6069-EE8B754C59F9} = {7FA134A9-E91D-79AF-3A1E-9C4D91D410FE}
		{C5DC372B-AA89-1FCC-53E9-289DF2435D3B} = {B2B6C010-55B5-37CC-6069-EE8B754C59F9}
		{8EECBBAC-7514-5053-F53C-F5E2FF206714} = {7FA134A9-E91D-79AF-3A1E-9C4D91D410FE}
		{9EFDC62C-D7A8-DF86-53F4-EC042C99237B} = {8EECBBAC-7514-5053-F53C-F5E2FF206714}
		{60B4818B-98E5-274A-6657-3B147794B73A} = {7FA134A9-E91D-79AF-3A1E-9C4D91D410FE}
		{B750AF57-695C-D540-DA59-F211FAD4D2F7} = {60B4818B-98E5-274A-6657-3B147794B73A}
		{D128B096-42EB-8D07-DE42-D78816A39BD6} = {7FA134A9-E91D-79AF-3A1E-9C4D91D410FE}
		{2B2137A8-3342-AEB2-B6C2-2B636408C9CE} = {D128B096-42EB-8D07-DE42-D78816A39BD6}
		{4E4E9CCB-7BBC-0752-A7F6-169BE7BF9F3A} = {7FA134A9-E91D-79AF-3A1E-9C4D91D410FE}
		{4DCC3E6B-39A5-8ABD-500A-06C46398E56A} = {4E4E9CCB-7BBC-0752-A7F6-169BE7BF9F3A}
		{57232060-0F66-9C62-B610-0B96D12A7E2D} = {7FA134A9-E91D-79AF-3A1E-9C4D91D410FE}
		{66ECE04C-318E-4F64-12E9-A3418610E552} = {57232060-0F66-9C62-B610-0B96D12A7E2D}
		{761D939A-083F-1D2C-3F87-54D439FBF744} = {7FA134A9-E91D-79AF-3A1E-9C4D91D410FE}
		{B5E6EC68-D210-03DD-0CD4-6C504BE1F238} = {761D939A-083F-1D2C-3F87-54D439FBF744}
		{C24C1EBA-431E-1085-FAE2-21168AEC5F6B} = {7FA134A9-E91D-79AF-3A1E-9C4D91D410FE}
		{30B916F2-B816-444D-72A1-5107D9778C0C} = {C24C1EBA-431E-1085-FAE2-21168AEC5F6B}
		{9A5097D9-43FD-905E-E701-5CD0E5B5BBA3} = {7FA134A9-E91D-79AF-3A1E-9C4D91D410FE}
		{C12E9F4E-6624-B8A5-B9DC-1386FE3CDD26} = {9A5097D9-43FD-905E-E701-5CD0E5B5BBA3}
		{B1BA6507-5FC2-FFB4-8B0D-DA7782ABA730} = {7FA134A9-E91D-79AF-3A1E-9C4D91D410FE}
		{194A4ECB-BFC2-4B93-45F0-A6A4690EB533} = {B1BA6507-5FC2-FFB4-8B0D-DA7782ABA730}
		{CBD04F4C-06D6-24D1-1632-1EA3DFFE8C36} = {7FA134A9-E91D-79AF-3A1E-9C4D91D410FE}
		{48535529-06F4-32DC-804A-BF0E59F9053D} = {CBD04F4C-06D6-24D1-1632-1EA3DFFE8C36}
		{3979E6B6-1C3B-26E7-2E70-D77D70ECE5D5} = {7FA134A9-E91D-79AF-3A1E-9C4D91D410FE}
		{C0DA3C58-320F-931E-A7A6-D4712279051B} = {3979E6B6-1C3B-26E7-2E70-D77D70ECE5D5}
		{A1CBB5F7-7FFC-DFC8-98C4-E13473083FCB} = {7FA134A9-E91D-79AF-3A1E-9C4D91D410FE}
		{814C1D08-4C70-B70E-EF4E-C5CFF6181845} = {A1CBB5F7-7FFC-DFC8-98C4-E13473083FCB}
		{F40C7AD6-F855-487F-B2AE-45173D36D0E1} = {7FA134A9-E91D-79AF-3A1E-9C4D91D410FE}
		{1C68AD57-5159-0F93-E274-50A38B650D76} = {F40C7AD6-F855-487F-B2AE-45173D36D0E1}
		{9F76B185-ADA6-5F34-8112-F9292F358FDC} = {7FA134A9-E91D-79AF-3A1E-9C4D91D410FE}
		{2BF05CBF-DC5A-B589-8F02-088361739BD3} = {9F76B185-ADA6-5F34-8112-F9292F358FDC}
		{3AF9F5F2-1882-5C25-8A39-CAD4819F16B1} = {7FA134A9-E91D-79AF-3A1E-9C4D91D410FE}
		{22C5D9F7-3153-DA77-06F1-9B4C05A07483} = {3AF9F5F2-1882-5C25-8A39-CAD4819F16B1}
		{DC86C6BB-0473-A9AB-1241-C6512D6AF3E8} = {7FA134A9-E91D-79AF-3A1E-9C4D91D410FE}
		{710701A5-05D0-FDC5-53F1-2A61C6BA95E7} = {DC86C6BB-0473-A9AB-1241-C6512D6AF3E8}
		{F468C26B-3B89-DD40-28B8-1B6FBD4779AE} = {7FA134A9-E91D-79AF-3A1E-9C4D91D410FE}
		{9EEE0435-28A3-09FE-07D5-CB1FE76B5096} = {F468C26B-3B89-DD40-28B8-1B6FBD4779AE}
		{986401E0-CF12-DE50-AEAD-76C6BFD5BD44} = {7FA134A9-E91D-79AF-3A1E-9C4D91D410FE}
		{20693B56-12E1-6AA7-9E0C-219CF93884CA} = {986401E0-CF12-DE50-AEAD-76C6BFD5BD44}
		{DF14E2DD-F726-7178-2661-E36E488DA392} = {7FA134A9-E91D-79AF-3A1E-9C4D91D410FE}
		{D05FE9C6-58A6-C08B-0125-46780579ABB8} = {DF14E2DD-F726-7178-2661-E36E488DA392}
		{F54B4B4B-A045-B1D9-F98E-94FCC0A07E1A} = {7FA134A9-E91D-79AF-3A1E-9C4D91D410FE}
		{03AC1A03-E186-7F86-B9C6-2CFC1FE98008} = {F54B4B4B-A045-B1D9-F98E-94FCC0A07E1A}
		{D805BDA2-454D-38E5-998D-92ADA118AA43} = {7FA134A9-E91D-79AF-3A1E-9C4D91D410FE}
		{DC886BA2-0EA4-E2FB-AF1E-0EFE7CE3CF7B} = {D805BDA2-454D-38E5-998D-92ADA118AA43}
		{3B4FDF3E-5945-038D-1194-689B9A2D7559} = {7FA134A9-E91D-79AF-3A1E-9C4D91D410FE}
		{CE29AA94-DE76-F5FC-29F9-FE7D2AD9F767} = {3B4FDF3E-5945-038D-1194-689B9A2D7559}
		{CF405556-DF4F-B2C0-F0EB-F9661A6D81F6} = {7FA134A9-E91D-79AF-3A1E-9C4D91D410FE}
		{F6F77307-EDCC-2805-4861-D8DBE9B49300} = {CF405556-DF4F-B2C0-F0EB-F9661A6D81F6}
		{7068CB4E-8815-85B4-F97F-60CABD1644FC} = {7FA134A9-E91D-79AF-3A1E-9C4D91D410FE}
		{CE3480A1-F0D8-E60C-A026-BC00CF4707FF} = {7068CB4E-8815-85B4-F97F-60CABD1644FC}
		{4EA649E3-C590-DE7C-1456-E2465C2C3F3D} = {7FA134A9-E91D-79AF-3A1E-9C4D91D410FE}
		{61E5CBDE-7423-383B-EE62-26AB396B04F8} = {4EA649E3-C590-DE7C-1456-E2465C2C3F3D}
		{8972348E-4EF2-C7F4-39D4-994FE02775AE} = {7FA134A9-E91D-79AF-3A1E-9C4D91D410FE}
		{2E33F3C2-5DDA-B4B0-3B69-48067682C845} = {8972348E-4EF2-C7F4-39D4-994FE02775AE}
		{5BFC9A9C-16E8-DBA6-824A-3066D5297A82} = {7FA134A9-E91D-79AF-3A1E-9C4D91D410FE}
		{5F83A382-F357-2A2C-B5A4-FA3DE337FEB0} = {5BFC9A9C-16E8-DBA6-824A-3066D5297A82}
		{DBBF48DF-5C35-42B8-3B01-BCA6F7B3469D} = {7FA134A9-E91D-79AF-3A1E-9C4D91D410FE}
		{F1931E50-E8DB-6F73-42CE-1CF8087C1C06} = {DBBF48DF-5C35-42B8-3B01-BCA6F7B3469D}
		{790DD39E-4DE2-ACE5-5822-018AFBB4BECB} = {7FA134A9-E91D-79AF-3A1E-9C4D91D410FE}
		{45794103-1BC9-879A-F0D1-8DCEAAC82060} = {790DD39E-4DE2-ACE5-5822-018AFBB4BECB}
		{9E2F7991-20E6-FB03-E211-8F9F9A8593FB} = {7FA134A9-E91D-79AF-3A1E-9C4D91D410FE}
		{8ED7D277-30DD-1AB9-FFF8-4F365372F63A} = {9E2F7991-20E6-FB03-E211-8F9F9A8593FB}
		{876AD532-4F34-6BC9-2874-9DE216CA5AC8} = {7FA134A9-E91D-79AF-3A1E-9C4D91D410FE}
		{1AB953A7-9A35-FE5F-5ED9-E7B2D5B591AA} = {876AD532-4F34-6BC9-2874-9DE216CA5AC8}
		{1B645A2A-D28B-A815-2D11-EE18EBD12DC0} = {7FA134A9-E91D-79AF-3A1E-9C4D91D410FE}
		{486954A4-70F4-EECF-742C-6B8DA135251D} = {1B645A2A-D28B-A815-2D11-EE18EBD12DC0}
		{C462E8FE-9522-C3C1-01A4-16C0F539DB31} = {7FA134A9-E91D-79AF-3A1E-9C4D91D410FE}
		{54E12D10-8660-BA0A-2625-E248715BB1FB} = {C462E8FE-9522-C3C1-01A4-16C0F539DB31}
		{B4894979-B6E2-1F96-D7C5-AE532D1E7BE4} = {7FA134A9-E91D-79AF-3A1E-9C4D91D410FE}
		{D3A1C5FC-6B6C-3448-06DD-6BE289E81C0D} = {B4894979-B6E2-1F96-D7C5-AE532D1E7BE4}
		{A5A80FC6-810B-D6DC-6CE4-5143AC2444D4} = {7FA134A9-E91D-79AF-3A1E-9C4D91D410FE}
		{004E4360-8857-E77E-9055-0B74F6B4CB2A} = {A5A80FC6-810B-D6DC-6CE4-5143AC2444D4}
		{7A7154B2-02EF-1C5C-2606-5A0C1B3021ED} = {7FA134A9-E91D-79AF-3A1E-9C4D91D410FE}
		{C256D53A-F09A-F88C-67E2-226F1D36F4E6} = {7A7154B2-02EF-1C5C-2606-5A0C1B3021ED}
		{60218C50-B000-A456-6888-5804C5F95025} = {7FA134A9-E91D-79AF-3A1E-9C4D91D410FE}
		{D354C6CF-A301-D500-9570-7CCABD1C26DF} = {60218C50-B000-A456-6888-5804C5F95025}
		{7918BF91-28AC-8EE3-F296-88EBEA989BBC} = {7FA134A9-E91D-79AF-3A1E-9C4D91D410FE}
		{7500E298-C5A8-0ED0-1CAD-E52C7B07EBAB} = {7918BF91-28AC-8EE3-F296-88EBEA989BBC}
		{3CFEF441-6426-A038-023E-AA5EC70FD7FA} = {7FA134A9-E91D-79AF-3A1E-9C4D91D410FE}
		{B9963871-D18E-13F1-40C9-6E7EF4762044} = {3CFEF441-6426-A038-023E-AA5EC70FD7FA}
		{1AE59A6D-052C-FE51-1638-BE92F84D0A46} = {7FA134A9-E91D-79AF-3A1E-9C4D91D410FE}
		{D018B069-E164-0847-FE31-E39283834A46} = {1AE59A6D-052C-FE51-1638-BE92F84D0A46}
		{0443EE7B-EDA8-71AB-C2BD-50DE4CB82321} = {7FA134A9-E91D-79AF-3A1E-9C4D91D410FE}
		{C93224AA-28A8-FA4D-AD43-E92C7F8C51E7} = {0443EE7B-EDA8-71AB-C2BD-50DE4CB82321}
		{31A366ED-05DE-0E44-B862-FC076BBBE46C} = {7FA134A9-E91D-79AF-3A1E-9C4D91D410FE}
		{665E7D3B-42FA-6061-478D-206F59A02D54} = {31A366ED-05DE-0E44-B862-FC076BBBE46C}
		{2CC1C733-DE97-2C5B-6EC3-4C6E8D648D70} = {7FA134A9-E91D-79AF-3A1E-9C4D91D410FE}
		{23FAD9BD-73BC-9B5A-41CB-986E7332D00E} = {2CC1C733-DE97-2C5B-6EC3-4C6E8D648D70}
		{801E825C-CCB5-EEB7-7C2E-8997F383158F} = {7FA134A9-E91D-79AF-3A1E-9C4D91D410FE}
		{A0758F47-F509-2E2E-B512-75B3BEEF511A} = {801E825C-CCB5-EEB7-7C2E-8997F383158F}
		{970E0A93-84CD-49FC-FA7E-45B7D3B0F0AA} = {7FA134A9-E91D-79AF-3A1E-9C4D91D410FE}
		{23998703-C268-D0FC-FF19-3AEB106CE707} = {970E0A93-84CD-49FC-FA7E-45B7D3B0F0AA}
		{73CA4F47-430A-4BA2-203B-61A0DCF2647E} = {7FA134A9-E91D-79AF-3A1E-9C4D91D410FE}
		{067CEEE1-1883-CB08-E42E-54503D3B274C} = {73CA4F47-430A-4BA2-203B-61A0DCF2647E}
		{79D012D8-812A-1D2A-6283-481EA8BC244E} = {7FA134A9-E91D-79AF-3A1E-9C4D91D410FE}
		{7F0620EA-71F5-9096-71F4-1B2C7EAD4CF7} = {79D012D8-812A-1D2A-6283-481EA8BC244E}
		{BA74DD5F-BD91-38C4-95BF-D3E02D98ECAB} = {7FA134A9-E91D-79AF-3A1E-9C4D91D410FE}
		{D054138B-000F-5515-FD4C-D1F914E2EE5B} = {BA74DD5F-BD91-38C4-95BF-D3E02D98ECAB}
		{5F20B3E6-8EBD-AEC8-3A92-03A6ED9888E2} = {7FA134A9-E91D-79AF-3A1E-9C4D91D410FE}
		{AA56E763-8BF9-D7F3-47D5-C5BB8E98B9F3} = {5F20B3E6-8EBD-AEC8-3A92-03A6ED9888E2}
		{24A67B85-74A0-3F0F-E441-590E769A64DD} = {7FA134A9-E91D-79AF-3A1E-9C4D91D410FE}
		{7515D9CF-10F8-0738-8401-147FD3D4174B} = {24A67B85-74A0-3F0F-E441-590E769A64DD}
		{0BFFB968-98F1-4B01-01B4-FE0ED03273B4} = {7FA134A9-E91D-79AF-3A1E-9C4D91D410FE}
		{9F5B8BBE-461A-9C61-625D-33DE5254EE25} = {0BFFB968-98F1-4B01-01B4-FE0ED03273B4}
		{2592BE6E-01DA-B5A8-FEB0-65A3976C2812} = {7FA134A9-E91D-79AF-3A1E-9C4D91D410FE}
		{5FDB89A7-7C9F-CDC5-F48B-CA826165F7BA} = {2592BE6E-01DA-B5A8-FEB0-65A3976C2812}
		{BF09E841-3FF6-A1B5-EE3F-4AEF47C6822C} = {7FA134A9-E91D-79AF-3A1E-9C4D91D410FE}
		{41E421E4-B4E7-BB61-82DF-7E2282D5193B} = {BF09E841-3FF6-A1B5-EE3F-4AEF47C6822C}
		{D5AB29AF-FCF1-C5E5-400F-560EDBD60326} = {7FA134A9-E91D-79AF-3A1E-9C4D91D410FE}
		{DD210D1F-F29B-033F-2A1F-AEFF92EC8E8B} = {D5AB29AF-FCF1-C5E5-400F-560EDBD60326}
		{0D6C342D-E027-8F8D-84C1-245A8FA8AE58} = {7FA134A9-E91D-79AF-3A1E-9C4D91D410FE}
		{F52EF4A5-2C22-F454-6FBE-4BBCD942E07A} = {0D6C342D-E027-8F8D-84C1-245A8FA8AE58}
		{B0E854E4-015F-BD4A-C366-E594140D9621} = {7FA134A9-E91D-79AF-3A1E-9C4D91D410FE}
		{E7C3BE6D-F468-E033-F381-5CC2DBC22D9F} = {B0E854E4-015F-BD4A-C366-E594140D9621}
		{B914D17C-B204-2458-45B4-96D9E0D154E6} = {7FA134A9-E91D-79AF-3A1E-9C4D91D410FE}
		{6510D882-40F2-B818-54BC-689DEC3E1F90} = {B914D17C-B204-2458-45B4-96D9E0D154E6}
		{730C382C-800E-CAB3-67E4-7AF608361491} = {7FA134A9-E91D-79AF-3A1E-9C4D91D410FE}
		{EE32BE4E-0ECA-A74F-19D6-CD77A07C963B} = {730C382C-800E-CAB3-67E4-7AF608361491}
		{66BB8571-62DB-41BE-4EA8-3971485E0ED5} = {7FA134A9-E91D-79AF-3A1E-9C4D91D410FE}
		{52900EFD-8235-35D5-3C69-AD6C326DC11C} = {66BB8571-62DB-41BE-4EA8-3971485E0ED5}
	EndGlobalSection
	GlobalSection(ExtensibilityGlobals) = postSolution
		SolutionGuid = {34CCF849-E851-4805-B763-2B056269BC15}
	EndGlobalSection
EndGlobal
