Microsoft Visual Studio Solution File, Format Version 12.00
# Visual Studio Version 17
VisualStudioVersion = 17.5.2.0
MinimumVisualStudioVersion = 10.0.40219.1
Project("{FAE04EC0-301F-11D3-BF4B-00C04F79EFBC}") = "tp4", "tp4\tp4.csproj", "{B2E5FCF3-D977-EA22-3450-3D8689777D8A}"
EndProject
Project("{2150E333-8FDC-42A3-9474-1A3956D46DE8}") = "tp6", "tp6", "{059963C2-CBF2-FA06-CC0C-27C3B88D0E30}"
EndProject
Project("{FAE04EC0-301F-11D3-BF4B-00C04F79EFBC}") = "cliente", "tp6\cliente\cliente.csproj", "{DF582544-BA13-2999-F2F9-A6850793CFE7}"
EndProject
Project("{FAE04EC0-301F-11D3-BF4B-00C04F79EFBC}") = "modelos_compartidos", "tp6\modelos_compartidos\modelos_compartidos.csproj", "{50492D1F-8FF2-B966-DCDA-49A213D743D1}"
EndProject
Project("{FAE04EC0-301F-11D3-BF4B-00C04F79EFBC}") = "servidor", "tp6\servidor\servidor.csproj", "{5704E95A-521C-04E9-196A-3C4C60AEFDEC}"
EndProject
Global
	GlobalSection(SolutionConfigurationPlatforms) = preSolution
		Debug|Any CPU = Debug|Any CPU
		Release|Any CPU = Release|Any CPU
	EndGlobalSection
	GlobalSection(ProjectConfigurationPlatforms) = postSolution
		{B2E5FCF3-D977-EA22-3450-3D8689777D8A}.Debug|Any CPU.ActiveCfg = Debug|Any CPU
		{B2E5FCF3-D977-EA22-3450-3D8689777D8A}.Debug|Any CPU.Build.0 = Debug|Any CPU
		{B2E5FCF3-D977-EA22-3450-3D8689777D8A}.Release|Any CPU.ActiveCfg = Release|Any CPU
		{B2E5FCF3-D977-EA22-3450-3D8689777D8A}.Release|Any CPU.Build.0 = Release|Any CPU
		{DF582544-BA13-2999-F2F9-A6850793CFE7}.Debug|Any CPU.ActiveCfg = Debug|Any CPU
		{DF582544-BA13-2999-F2F9-A6850793CFE7}.Debug|Any CPU.Build.0 = Debug|Any CPU
		{DF582544-BA13-2999-F2F9-A6850793CFE7}.Release|Any CPU.ActiveCfg = Release|Any CPU
		{DF582544-BA13-2999-F2F9-A6850793CFE7}.Release|Any CPU.Build.0 = Release|Any CPU
		{50492D1F-8FF2-B966-DCDA-49A213D743D1}.Debug|Any CPU.ActiveCfg = Debug|Any CPU
		{50492D1F-8FF2-B966-DCDA-49A213D743D1}.Debug|Any CPU.Build.0 = Debug|Any CPU
		{50492D1F-8FF2-B966-DCDA-49A213D743D1}.Release|Any CPU.ActiveCfg = Release|Any CPU
		{50492D1F-8FF2-B966-DCDA-49A213D743D1}.Release|Any CPU.Build.0 = Release|Any CPU
		{5704E95A-521C-04E9-196A-3C4C60AEFDEC}.Debug|Any CPU.ActiveCfg = Debug|Any CPU
		{5704E95A-521C-04E9-196A-3C4C60AEFDEC}.Debug|Any CPU.Build.0 = Debug|Any CPU
		{5704E95A-521C-04E9-196A-3C4C60AEFDEC}.Release|Any CPU.ActiveCfg = Release|Any CPU
		{5704E95A-521C-04E9-196A-3C4C60AEFDEC}.Release|Any CPU.Build.0 = Release|Any CPU
	EndGlobalSection
	GlobalSection(SolutionProperties) = preSolution
		HideSolutionNode = FALSE
	EndGlobalSection
	GlobalSection(NestedProjects) = preSolution
		{DF582544-BA13-2999-F2F9-A6850793CFE7} = {059963C2-CBF2-FA06-CC0C-27C3B88D0E30}
		{50492D1F-8FF2-B966-DCDA-49A213D743D1} = {059963C2-CBF2-FA06-CC0C-27C3B88D0E30}
		{5704E95A-521C-04E9-196A-3C4C60AEFDEC} = {059963C2-CBF2-FA06-CC0C-27C3B88D0E30}
	EndGlobalSection
	GlobalSection(ExtensibilityGlobals) = postSolution
		SolutionGuid = {CCA33D22-6FD7-47DD-8C19-8FBF495C1CBF}
	EndGlobalSection
EndGlobal
